// !$*UTF8*$!
{
	archiveVersion = 1;
	classes = {
	};
	objectVersion = 46;
	objects = {

/* Begin PBXBuildFile section */
		0282943FB55C09DD49D0E3A1 /* Pods_caTests.framework in Frameworks */ = {isa = PBXBuildFile; fileRef = 046C5D164A9D9D5DCA862451 /* Pods_caTests.framework */; };
		08ECE1C4E8B8F770989DFA98 /* Pods_ca.framework in Frameworks */ = {isa = PBXBuildFile; fileRef = 4225F39CC0396E27DE8D8A2E /* Pods_ca.framework */; };
		969ACB3EE75956E5A443325B /* Pods_caUITests.framework in Frameworks */ = {isa = PBXBuildFile; fileRef = B3D02BD12BB0CA781CD68D1A /* Pods_caUITests.framework */; };
		ED18B0151D57308C00892359 /* TimelineRequest.swift in Sources */ = {isa = PBXBuildFile; fileRef = ED18B0141D57308C00892359 /* TimelineRequest.swift */; };
		ED18B0171D589E0300892359 /* Timeline.swift in Sources */ = {isa = PBXBuildFile; fileRef = ED18B0161D589E0300892359 /* Timeline.swift */; };
		ED18B01B1D59FBA900892359 /* TimelineComment.swift in Sources */ = {isa = PBXBuildFile; fileRef = ED18B01A1D59FBA900892359 /* TimelineComment.swift */; };
		ED18B01E1D5B751100892359 /* IconPanelCell.swift in Sources */ = {isa = PBXBuildFile; fileRef = ED18B01D1D5B751100892359 /* IconPanelCell.swift */; };
		ED18B0201D5B752200892359 /* BgColorPanelCell.swift in Sources */ = {isa = PBXBuildFile; fileRef = ED18B01F1D5B752200892359 /* BgColorPanelCell.swift */; };
		ED18B0221D5DD5C800892359 /* NewBucketListItem.xib in Resources */ = {isa = PBXBuildFile; fileRef = ED18B0211D5DD5C800892359 /* NewBucketListItem.xib */; };
		ED18B0241D5DD7F800892359 /* NewBucketListItem.swift in Sources */ = {isa = PBXBuildFile; fileRef = ED18B0231D5DD7F800892359 /* NewBucketListItem.swift */; };
		ED18B0261D5DE60900892359 /* BucketListItem.swift in Sources */ = {isa = PBXBuildFile; fileRef = ED18B0251D5DE60900892359 /* BucketListItem.swift */; };
		ED18B0281D5DFABC00892359 /* Place.swift in Sources */ = {isa = PBXBuildFile; fileRef = ED18B0271D5DFABC00892359 /* Place.swift */; };
		ED18B02A1D5DFB9D00892359 /* Photo.swift in Sources */ = {isa = PBXBuildFile; fileRef = ED18B0291D5DFB9D00892359 /* Photo.swift */; };
		ED705FAD1D49E720003128F6 /* Extensions.swift in Sources */ = {isa = PBXBuildFile; fileRef = ED705FAC1D49E720003128F6 /* Extensions.swift */; };
		ED705FB81D49F9EF003128F6 /* odstemplikBold.otf in Resources */ = {isa = PBXBuildFile; fileRef = ED705FB61D49F9BB003128F6 /* odstemplikBold.otf */; };
		ED705FB91D49F9EF003128F6 /* odstemplik.otf in Resources */ = {isa = PBXBuildFile; fileRef = ED705FB41D49F96D003128F6 /* odstemplik.otf */; };
		ED705FBA1D49F9EF003128F6 /* Odessa LET.TTF in Resources */ = {isa = PBXBuildFile; fileRef = ED705FB21D49F8B3003128F6 /* Odessa LET.TTF */; };
		ED705FBB1D49F9EF003128F6 /* HomeRem.ttf in Resources */ = {isa = PBXBuildFile; fileRef = ED705FAF1D49F58B003128F6 /* HomeRem.ttf */; };
		ED705FBC1D49F9EF003128F6 /* FZQKBYSJW.TTF in Resources */ = {isa = PBXBuildFile; fileRef = ED705FAE1D49F463003128F6 /* FZQKBYSJW.TTF */; };
		ED705FBF1D49FAB5003128F6 /* GeosansLight-Oblique.ttf in Resources */ = {isa = PBXBuildFile; fileRef = ED705FBD1D49FA9D003128F6 /* GeosansLight-Oblique.ttf */; };
		ED705FC01D49FAB8003128F6 /* GeosansLight.ttf in Resources */ = {isa = PBXBuildFile; fileRef = ED705FBE1D49FA9D003128F6 /* GeosansLight.ttf */; };
		ED89EB751D54A983000019BB /* AUTO@3x.png in Resources */ = {isa = PBXBuildFile; fileRef = ED89EB551D54A983000019BB /* AUTO@3x.png */; };
		ED89EB761D54A983000019BB /* cameraIcon@3x.png in Resources */ = {isa = PBXBuildFile; fileRef = ED89EB561D54A983000019BB /* cameraIcon@3x.png */; };
		ED89EB771D54A983000019BB /* focusIcon@3x.png in Resources */ = {isa = PBXBuildFile; fileRef = ED89EB571D54A983000019BB /* focusIcon@3x.png */; };
		ED89EB781D54A983000019BB /* OFF@3x.png in Resources */ = {isa = PBXBuildFile; fileRef = ED89EB581D54A983000019BB /* OFF@3x.png */; };
		ED89EB791D54A983000019BB /* ON@3x.png in Resources */ = {isa = PBXBuildFile; fileRef = ED89EB591D54A983000019BB /* ON@3x.png */; };
		ED89EB7A1D54A983000019BB /* selectedImageGallery@3x.png in Resources */ = {isa = PBXBuildFile; fileRef = ED89EB5A1D54A983000019BB /* selectedImageGallery@3x.png */; };
		ED89EB7B1D54A983000019BB /* ImagePickerIcon.png in Resources */ = {isa = PBXBuildFile; fileRef = ED89EB5C1D54A983000019BB /* ImagePickerIcon.png */; };
		ED89EB7C1D54A983000019BB /* ImagePickerPresentation.png in Resources */ = {isa = PBXBuildFile; fileRef = ED89EB5D1D54A983000019BB /* ImagePickerPresentation.png */; };
		ED89EB7D1D54A983000019BB /* AssetManager.swift in Sources */ = {isa = PBXBuildFile; fileRef = ED89EB5F1D54A983000019BB /* AssetManager.swift */; };
		ED89EB7E1D54A983000019BB /* BottomContainerView.swift in Sources */ = {isa = PBXBuildFile; fileRef = ED89EB611D54A983000019BB /* BottomContainerView.swift */; };
		ED89EB7F1D54A983000019BB /* ButtonPicker.swift in Sources */ = {isa = PBXBuildFile; fileRef = ED89EB621D54A983000019BB /* ButtonPicker.swift */; };
		ED89EB801D54A983000019BB /* ImageStack.swift in Sources */ = {isa = PBXBuildFile; fileRef = ED89EB631D54A983000019BB /* ImageStack.swift */; };
		ED89EB811D54A983000019BB /* StackView.swift in Sources */ = {isa = PBXBuildFile; fileRef = ED89EB641D54A983000019BB /* StackView.swift */; };
		ED89EB821D54A983000019BB /* CameraMan.swift in Sources */ = {isa = PBXBuildFile; fileRef = ED89EB661D54A983000019BB /* CameraMan.swift */; };
		ED89EB831D54A983000019BB /* CameraView.swift in Sources */ = {isa = PBXBuildFile; fileRef = ED89EB671D54A983000019BB /* CameraView.swift */; };
		ED89EB841D54A983000019BB /* Configuration.swift in Sources */ = {isa = PBXBuildFile; fileRef = ED89EB681D54A983000019BB /* Configuration.swift */; };
		ED89EB851D54A983000019BB /* ConstraintsSetup.swift in Sources */ = {isa = PBXBuildFile; fileRef = ED89EB6A1D54A983000019BB /* ConstraintsSetup.swift */; };
		ED89EB861D54A983000019BB /* Helper.swift in Sources */ = {isa = PBXBuildFile; fileRef = ED89EB6B1D54A983000019BB /* Helper.swift */; };
		ED89EB871D54A983000019BB /* ImageGalleryLayout.swift in Sources */ = {isa = PBXBuildFile; fileRef = ED89EB6D1D54A983000019BB /* ImageGalleryLayout.swift */; };
		ED89EB881D54A983000019BB /* ImageGalleryView.swift in Sources */ = {isa = PBXBuildFile; fileRef = ED89EB6E1D54A983000019BB /* ImageGalleryView.swift */; };
		ED89EB891D54A983000019BB /* ImageGalleryViewCell.swift in Sources */ = {isa = PBXBuildFile; fileRef = ED89EB6F1D54A983000019BB /* ImageGalleryViewCell.swift */; };
		ED89EB8A1D54A983000019BB /* ImageGalleryViewDataSource.swift in Sources */ = {isa = PBXBuildFile; fileRef = ED89EB701D54A983000019BB /* ImageGalleryViewDataSource.swift */; };
		ED89EB8B1D54A983000019BB /* ImagePickerController.swift in Sources */ = {isa = PBXBuildFile; fileRef = ED89EB711D54A983000019BB /* ImagePickerController.swift */; };
		ED89EB8C1D54A983000019BB /* LocationManager.swift in Sources */ = {isa = PBXBuildFile; fileRef = ED89EB721D54A983000019BB /* LocationManager.swift */; };
		ED89EB8D1D54A983000019BB /* TopView.swift in Sources */ = {isa = PBXBuildFile; fileRef = ED89EB741D54A983000019BB /* TopView.swift */; };
		ED8CD3811D49FE980070CAF8 /* TimelineDetailTableViewController.swift in Sources */ = {isa = PBXBuildFile; fileRef = ED8CD3801D49FE980070CAF8 /* TimelineDetailTableViewController.swift */; };
		ED8CD3831D4A3F600070CAF8 /* FZYanSJW.TTF in Resources */ = {isa = PBXBuildFile; fileRef = ED8CD3821D4A3F400070CAF8 /* FZYanSJW.TTF */; };
		ED8CD3891D4A53120070CAF8 /* Events.storyboard in Resources */ = {isa = PBXBuildFile; fileRef = ED8CD3881D4A53120070CAF8 /* Events.storyboard */; };
		ED8CD38B1D4A53250070CAF8 /* EventsViewController.swift in Sources */ = {isa = PBXBuildFile; fileRef = ED8CD38A1D4A53250070CAF8 /* EventsViewController.swift */; };
		ED8CD38F1D4A5E5C0070CAF8 /* EventCell.swift in Sources */ = {isa = PBXBuildFile; fileRef = ED8CD38E1D4A5E5C0070CAF8 /* EventCell.swift */; };
		ED8CD3911D4A680E0070CAF8 /* MonthCell.swift in Sources */ = {isa = PBXBuildFile; fileRef = ED8CD3901D4A680E0070CAF8 /* MonthCell.swift */; };
		ED8CD3931D4A68DC0070CAF8 /* YearCell.swift in Sources */ = {isa = PBXBuildFile; fileRef = ED8CD3921D4A68DC0070CAF8 /* YearCell.swift */; };
		ED8CD3951D4B0FFC0070CAF8 /* EventDetailView.xib in Resources */ = {isa = PBXBuildFile; fileRef = ED8CD3941D4B0FFC0070CAF8 /* EventDetailView.xib */; };
		ED8CD3991D4B255E0070CAF8 /* EventDetailView.swift in Sources */ = {isa = PBXBuildFile; fileRef = ED8CD3981D4B255E0070CAF8 /* EventDetailView.swift */; };
		ED8CD39B1D4B49A60070CAF8 /* Functions.swift in Sources */ = {isa = PBXBuildFile; fileRef = ED8CD39A1D4B49A60070CAF8 /* Functions.swift */; };
		ED8CD39D1D4E1A970070CAF8 /* BucketList.storyboard in Resources */ = {isa = PBXBuildFile; fileRef = ED8CD39C1D4E1A970070CAF8 /* BucketList.storyboard */; };
		ED8CD39F1D4E1AB90070CAF8 /* BucketListViewController.swift in Sources */ = {isa = PBXBuildFile; fileRef = ED8CD39E1D4E1AB90070CAF8 /* BucketListViewController.swift */; };
		ED8CD3A11D4E22200070CAF8 /* BucketListCell.swift in Sources */ = {isa = PBXBuildFile; fileRef = ED8CD3A01D4E22200070CAF8 /* BucketListCell.swift */; };
		ED8CD3A61D4E29470070CAF8 /* InfoPlist.strings in Resources */ = {isa = PBXBuildFile; fileRef = ED8CD3A81D4E29470070CAF8 /* InfoPlist.strings */; };
		ED8CD3AB1D4E29470070CAF8 /* Localizable.strings in Resources */ = {isa = PBXBuildFile; fileRef = ED8CD3AD1D4E29470070CAF8 /* Localizable.strings */; };
		ED8CD3B01D4E29480070CAF8 /* InfoPlist.strings in Resources */ = {isa = PBXBuildFile; fileRef = ED8CD3B21D4E29480070CAF8 /* InfoPlist.strings */; };
		ED8CD3B51D4E29480070CAF8 /* InfoPlist.strings in Resources */ = {isa = PBXBuildFile; fileRef = ED8CD3B71D4E29480070CAF8 /* InfoPlist.strings */; };
		EDCFCE4F1D38BF5B00E2B030 /* SideMenuView.swift in Sources */ = {isa = PBXBuildFile; fileRef = EDCFCE4E1D38BF5B00E2B030 /* SideMenuView.swift */; };
		EDCFCE511D39D39400E2B030 /* Places.storyboard in Resources */ = {isa = PBXBuildFile; fileRef = EDCFCE501D39D39400E2B030 /* Places.storyboard */; };
		EDCFCE531D39D3B500E2B030 /* PlacesViewController.swift in Sources */ = {isa = PBXBuildFile; fileRef = EDCFCE521D39D3B500E2B030 /* PlacesViewController.swift */; };
		EDCFCE551D39E0AF00E2B030 /* PlaceCell.swift in Sources */ = {isa = PBXBuildFile; fileRef = EDCFCE541D39E0AF00E2B030 /* PlaceCell.swift */; };
		EDCFCE581D39E29000E2B030 /* CircularItemListMenu.swift in Sources */ = {isa = PBXBuildFile; fileRef = EDCFCE571D39E29000E2B030 /* CircularItemListMenu.swift */; };
		EDCFCE5D1D39E2BD00E2B030 /* CircularItemListMenu.xib in Resources */ = {isa = PBXBuildFile; fileRef = EDCFCE5C1D39E2BD00E2B030 /* CircularItemListMenu.xib */; };
		EDCFCE601D3A5B8A00E2B030 /* CircularButton.swift in Sources */ = {isa = PBXBuildFile; fileRef = EDCFCE5F1D3A5B8A00E2B030 /* CircularButton.swift */; };
		EDCFCE691D3C6D2000E2B030 /* PostImageGrid.swift in Sources */ = {isa = PBXBuildFile; fileRef = EDCFCE681D3C6D2000E2B030 /* PostImageGrid.swift */; };
		EDCFCE6B1D3C6D7A00E2B030 /* PostImageGridItem.swift in Sources */ = {isa = PBXBuildFile; fileRef = EDCFCE6A1D3C6D7A00E2B030 /* PostImageGridItem.swift */; };
		EDCFCE6D1D3C73CA00E2B030 /* NewTimelineViewController.swift in Sources */ = {isa = PBXBuildFile; fileRef = EDCFCE6C1D3C73CA00E2B030 /* NewTimelineViewController.swift */; };
		EDCFCE6F1D3D232900E2B030 /* PostImageGrid.xib in Resources */ = {isa = PBXBuildFile; fileRef = EDCFCE6E1D3D232900E2B030 /* PostImageGrid.xib */; };
		EDCFCE711D3D236B00E2B030 /* PostImageGridItem.xib in Resources */ = {isa = PBXBuildFile; fileRef = EDCFCE701D3D236B00E2B030 /* PostImageGridItem.xib */; };
		EDCFCE731D435BF200E2B030 /* PhotoCell.swift in Sources */ = {isa = PBXBuildFile; fileRef = EDCFCE721D435BF200E2B030 /* PhotoCell.swift */; };
		EDCFCE751D435CBC00E2B030 /* PlaceViewController.swift in Sources */ = {isa = PBXBuildFile; fileRef = EDCFCE741D435CBC00E2B030 /* PlaceViewController.swift */; };
		EDCFCE781D4371CE00E2B030 /* PopAnimation.swift in Sources */ = {isa = PBXBuildFile; fileRef = EDCFCE771D4371CE00E2B030 /* PopAnimation.swift */; };
		EDCFCE7A1D43A99400E2B030 /* PopUpImageViewController.swift in Sources */ = {isa = PBXBuildFile; fileRef = EDCFCE791D43A99400E2B030 /* PopUpImageViewController.swift */; };
		EDCFCE7C1D442FF100E2B030 /* Global.swift in Sources */ = {isa = PBXBuildFile; fileRef = EDCFCE7B1D442FF100E2B030 /* Global.swift */; };
		EDCFCE7F1D45FA4E00E2B030 /* TopCell.swift in Sources */ = {isa = PBXBuildFile; fileRef = EDCFCE7E1D45FA4E00E2B030 /* TopCell.swift */; };
		EDCFCE811D45FA6200E2B030 /* ContentCell.swift in Sources */ = {isa = PBXBuildFile; fileRef = EDCFCE801D45FA6200E2B030 /* ContentCell.swift */; };
		EDCFCE831D45FA7200E2B030 /* LoverCell.swift in Sources */ = {isa = PBXBuildFile; fileRef = EDCFCE821D45FA7200E2B030 /* LoverCell.swift */; };
		EDCFCE851D45FA7F00E2B030 /* MeCell.swift in Sources */ = {isa = PBXBuildFile; fileRef = EDCFCE841D45FA7F00E2B030 /* MeCell.swift */; };
		EDCFCE871D45FA9A00E2B030 /* CommentTopCell.swift in Sources */ = {isa = PBXBuildFile; fileRef = EDCFCE861D45FA9A00E2B030 /* CommentTopCell.swift */; };
		EDCFCE891D45FAA700E2B030 /* CommentCell.swift in Sources */ = {isa = PBXBuildFile; fileRef = EDCFCE881D45FAA700E2B030 /* CommentCell.swift */; };
		EDCFCE8B1D45FAB600E2B030 /* CommentBottomCell.swift in Sources */ = {isa = PBXBuildFile; fileRef = EDCFCE8A1D45FAB600E2B030 /* CommentBottomCell.swift */; };
		EDCFCE8D1D46031F00E2B030 /* TimelineDetailViewController.swift in Sources */ = {isa = PBXBuildFile; fileRef = EDCFCE8C1D46031F00E2B030 /* TimelineDetailViewController.swift */; };
		EDCFCECB1D485B4800E2B030 /* PullDownToLoadView.swift in Sources */ = {isa = PBXBuildFile; fileRef = EDCFCECA1D485B4800E2B030 /* PullDownToLoadView.swift */; };
		EDCFCECD1D48836F00E2B030 /* PullUpToLoadView.swift in Sources */ = {isa = PBXBuildFile; fileRef = EDCFCECC1D48836F00E2B030 /* PullUpToLoadView.swift */; };
		EDCFCECF1D48842200E2B030 /* PullToLoadView.swift in Sources */ = {isa = PBXBuildFile; fileRef = EDCFCECE1D48842200E2B030 /* PullToLoadView.swift */; };
		EDCFCED11D48A37600E2B030 /* TopCell.xib in Resources */ = {isa = PBXBuildFile; fileRef = EDCFCED01D48A37600E2B030 /* TopCell.xib */; };
		EDCFCED31D48A39400E2B030 /* ContentCell.xib in Resources */ = {isa = PBXBuildFile; fileRef = EDCFCED21D48A39400E2B030 /* ContentCell.xib */; };
		EDCFCED51D48A3A100E2B030 /* LoverCell.xib in Resources */ = {isa = PBXBuildFile; fileRef = EDCFCED41D48A3A100E2B030 /* LoverCell.xib */; };
		EDCFCED71D48A3AC00E2B030 /* MeCell.xib in Resources */ = {isa = PBXBuildFile; fileRef = EDCFCED61D48A3AC00E2B030 /* MeCell.xib */; };
		EDCFCED91D48A3BC00E2B030 /* CommentTopCell.xib in Resources */ = {isa = PBXBuildFile; fileRef = EDCFCED81D48A3BC00E2B030 /* CommentTopCell.xib */; };
		EDCFCEDB1D48A3C800E2B030 /* CommentCell.xib in Resources */ = {isa = PBXBuildFile; fileRef = EDCFCEDA1D48A3C800E2B030 /* CommentCell.xib */; };
		EDCFCEDD1D48A3D300E2B030 /* CommentBottomCell.xib in Resources */ = {isa = PBXBuildFile; fileRef = EDCFCEDC1D48A3D300E2B030 /* CommentBottomCell.xib */; };
		EDCFCEDF1D48A48600E2B030 /* TimelineDetailTableView.xib in Resources */ = {isa = PBXBuildFile; fileRef = EDCFCEDE1D48A48600E2B030 /* TimelineDetailTableView.xib */; };
		EDD08A491D352887001E1459 /* AppDelegate.swift in Sources */ = {isa = PBXBuildFile; fileRef = EDD08A481D352887001E1459 /* AppDelegate.swift */; };
		EDD08A4B1D352887001E1459 /* HomeViewController.swift in Sources */ = {isa = PBXBuildFile; fileRef = EDD08A4A1D352887001E1459 /* HomeViewController.swift */; };
		EDD08A4E1D352887001E1459 /* Home.storyboard in Resources */ = {isa = PBXBuildFile; fileRef = EDD08A4C1D352887001E1459 /* Home.storyboard */; };
		EDD08A511D352887001E1459 /* ca.xcdatamodeld in Sources */ = {isa = PBXBuildFile; fileRef = EDD08A4F1D352887001E1459 /* ca.xcdatamodeld */; };
		EDD08A531D352887001E1459 /* Assets.xcassets in Resources */ = {isa = PBXBuildFile; fileRef = EDD08A521D352887001E1459 /* Assets.xcassets */; };
		EDD08A561D352887001E1459 /* LaunchScreen.storyboard in Resources */ = {isa = PBXBuildFile; fileRef = EDD08A541D352887001E1459 /* LaunchScreen.storyboard */; };
		EDD08A611D352888001E1459 /* caTests.swift in Sources */ = {isa = PBXBuildFile; fileRef = EDD08A601D352888001E1459 /* caTests.swift */; };
		EDD08A6C1D352888001E1459 /* caUITests.swift in Sources */ = {isa = PBXBuildFile; fileRef = EDD08A6B1D352888001E1459 /* caUITests.swift */; };
		EDD08A8E1D354C0F001E1459 /* Timeline.storyboard in Resources */ = {isa = PBXBuildFile; fileRef = EDD08A8D1D354C0F001E1459 /* Timeline.storyboard */; };
		EDD08A901D355157001E1459 /* TimelineViewController.swift in Sources */ = {isa = PBXBuildFile; fileRef = EDD08A8F1D355157001E1459 /* TimelineViewController.swift */; };
		EDD08A9B1D369B50001E1459 /* SideMenuView.xib in Resources */ = {isa = PBXBuildFile; fileRef = EDD08A991D369B50001E1459 /* SideMenuView.xib */; };
		EDD08A9E1D36A65E001E1459 /* ElasticView.swift in Sources */ = {isa = PBXBuildFile; fileRef = EDD08A9D1D36A65E001E1459 /* ElasticView.swift */; };
		EDD08AA01D37CF0A001E1459 /* TimelineCell.swift in Sources */ = {isa = PBXBuildFile; fileRef = EDD08A9F1D37CF0A001E1459 /* TimelineCell.swift */; };
		EDD08AA31D37D058001E1459 /* CircularView.swift in Sources */ = {isa = PBXBuildFile; fileRef = EDD08AA21D37D058001E1459 /* CircularView.swift */; };
		EDD08AA61D385A1A001E1459 /* RoundedCornerImage.swift in Sources */ = {isa = PBXBuildFile; fileRef = EDD08AA51D385A1A001E1459 /* RoundedCornerImage.swift */; };
		EDD08AA91D385EB4001E1459 /* Constants.swift in Sources */ = {isa = PBXBuildFile; fileRef = EDD08AA81D385EB4001E1459 /* Constants.swift */; };
/* End PBXBuildFile section */

/* Begin PBXContainerItemProxy section */
		EDD08A5D1D352888001E1459 /* PBXContainerItemProxy */ = {
			isa = PBXContainerItemProxy;
			containerPortal = EDD08A3D1D352887001E1459 /* Project object */;
			proxyType = 1;
			remoteGlobalIDString = EDD08A441D352887001E1459;
			remoteInfo = ca;
		};
		EDD08A681D352888001E1459 /* PBXContainerItemProxy */ = {
			isa = PBXContainerItemProxy;
			containerPortal = EDD08A3D1D352887001E1459 /* Project object */;
			proxyType = 1;
			remoteGlobalIDString = EDD08A441D352887001E1459;
			remoteInfo = ca;
		};
/* End PBXContainerItemProxy section */

/* Begin PBXFileReference section */
		046C5D164A9D9D5DCA862451 /* Pods_caTests.framework */ = {isa = PBXFileReference; explicitFileType = wrapper.framework; includeInIndex = 0; path = Pods_caTests.framework; sourceTree = BUILT_PRODUCTS_DIR; };
		4225F39CC0396E27DE8D8A2E /* Pods_ca.framework */ = {isa = PBXFileReference; explicitFileType = wrapper.framework; includeInIndex = 0; path = Pods_ca.framework; sourceTree = BUILT_PRODUCTS_DIR; };
		683A3EB9DC60B6694129F272 /* Pods-caUITests.debug.xcconfig */ = {isa = PBXFileReference; includeInIndex = 1; lastKnownFileType = text.xcconfig; name = "Pods-caUITests.debug.xcconfig"; path = "Pods/Target Support Files/Pods-caUITests/Pods-caUITests.debug.xcconfig"; sourceTree = "<group>"; };
		83851E75DFF9E80756BDC13F /* Pods-ca.release.xcconfig */ = {isa = PBXFileReference; includeInIndex = 1; lastKnownFileType = text.xcconfig; name = "Pods-ca.release.xcconfig"; path = "Pods/Target Support Files/Pods-ca/Pods-ca.release.xcconfig"; sourceTree = "<group>"; };
		93B3679EE0481CD20AC2DB41 /* Pods-caTests.debug.xcconfig */ = {isa = PBXFileReference; includeInIndex = 1; lastKnownFileType = text.xcconfig; name = "Pods-caTests.debug.xcconfig"; path = "Pods/Target Support Files/Pods-caTests/Pods-caTests.debug.xcconfig"; sourceTree = "<group>"; };
		9E10788F977E50A3447773C9 /* Pods-ca.debug.xcconfig */ = {isa = PBXFileReference; includeInIndex = 1; lastKnownFileType = text.xcconfig; name = "Pods-ca.debug.xcconfig"; path = "Pods/Target Support Files/Pods-ca/Pods-ca.debug.xcconfig"; sourceTree = "<group>"; };
		B3D02BD12BB0CA781CD68D1A /* Pods_caUITests.framework */ = {isa = PBXFileReference; explicitFileType = wrapper.framework; includeInIndex = 0; path = Pods_caUITests.framework; sourceTree = BUILT_PRODUCTS_DIR; };
		DDBBEA47DDF60067CC10047F /* Pods-caTests.release.xcconfig */ = {isa = PBXFileReference; includeInIndex = 1; lastKnownFileType = text.xcconfig; name = "Pods-caTests.release.xcconfig"; path = "Pods/Target Support Files/Pods-caTests/Pods-caTests.release.xcconfig"; sourceTree = "<group>"; };
		E40BDD9D776D74E7AF11983F /* Pods-caUITests.release.xcconfig */ = {isa = PBXFileReference; includeInIndex = 1; lastKnownFileType = text.xcconfig; name = "Pods-caUITests.release.xcconfig"; path = "Pods/Target Support Files/Pods-caUITests/Pods-caUITests.release.xcconfig"; sourceTree = "<group>"; };
		ED18B0141D57308C00892359 /* TimelineRequest.swift */ = {isa = PBXFileReference; fileEncoding = 4; lastKnownFileType = sourcecode.swift; path = TimelineRequest.swift; sourceTree = "<group>"; };
		ED18B0161D589E0300892359 /* Timeline.swift */ = {isa = PBXFileReference; fileEncoding = 4; lastKnownFileType = sourcecode.swift; path = Timeline.swift; sourceTree = "<group>"; };
		ED18B01A1D59FBA900892359 /* TimelineComment.swift */ = {isa = PBXFileReference; fileEncoding = 4; lastKnownFileType = sourcecode.swift; path = TimelineComment.swift; sourceTree = "<group>"; };
		ED18B01D1D5B751100892359 /* IconPanelCell.swift */ = {isa = PBXFileReference; fileEncoding = 4; lastKnownFileType = sourcecode.swift; path = IconPanelCell.swift; sourceTree = "<group>"; };
		ED18B01F1D5B752200892359 /* BgColorPanelCell.swift */ = {isa = PBXFileReference; fileEncoding = 4; lastKnownFileType = sourcecode.swift; path = BgColorPanelCell.swift; sourceTree = "<group>"; };
		ED18B0211D5DD5C800892359 /* NewBucketListItem.xib */ = {isa = PBXFileReference; fileEncoding = 4; lastKnownFileType = file.xib; path = NewBucketListItem.xib; sourceTree = "<group>"; };
		ED18B0231D5DD7F800892359 /* NewBucketListItem.swift */ = {isa = PBXFileReference; fileEncoding = 4; lastKnownFileType = sourcecode.swift; path = NewBucketListItem.swift; sourceTree = "<group>"; };
		ED18B0251D5DE60900892359 /* BucketListItem.swift */ = {isa = PBXFileReference; fileEncoding = 4; lastKnownFileType = sourcecode.swift; path = BucketListItem.swift; sourceTree = "<group>"; };
		ED18B0271D5DFABC00892359 /* Place.swift */ = {isa = PBXFileReference; fileEncoding = 4; lastKnownFileType = sourcecode.swift; path = Place.swift; sourceTree = "<group>"; };
		ED18B0291D5DFB9D00892359 /* Photo.swift */ = {isa = PBXFileReference; fileEncoding = 4; lastKnownFileType = sourcecode.swift; path = Photo.swift; sourceTree = "<group>"; };
		ED705FAC1D49E720003128F6 /* Extensions.swift */ = {isa = PBXFileReference; fileEncoding = 4; lastKnownFileType = sourcecode.swift; path = Extensions.swift; sourceTree = "<group>"; };
		ED705FAE1D49F463003128F6 /* FZQKBYSJW.TTF */ = {isa = PBXFileReference; lastKnownFileType = file; path = FZQKBYSJW.TTF; sourceTree = "<group>"; };
		ED705FAF1D49F58B003128F6 /* HomeRem.ttf */ = {isa = PBXFileReference; lastKnownFileType = file; path = HomeRem.ttf; sourceTree = "<group>"; };
		ED705FB21D49F8B3003128F6 /* Odessa LET.TTF */ = {isa = PBXFileReference; lastKnownFileType = file; path = "Odessa LET.TTF"; sourceTree = "<group>"; };
		ED705FB41D49F96D003128F6 /* odstemplik.otf */ = {isa = PBXFileReference; lastKnownFileType = file; path = odstemplik.otf; sourceTree = "<group>"; };
		ED705FB61D49F9BB003128F6 /* odstemplikBold.otf */ = {isa = PBXFileReference; lastKnownFileType = file; path = odstemplikBold.otf; sourceTree = "<group>"; };
		ED705FBD1D49FA9D003128F6 /* GeosansLight-Oblique.ttf */ = {isa = PBXFileReference; lastKnownFileType = file; path = "GeosansLight-Oblique.ttf"; sourceTree = "<group>"; };
		ED705FBE1D49FA9D003128F6 /* GeosansLight.ttf */ = {isa = PBXFileReference; lastKnownFileType = file; path = GeosansLight.ttf; sourceTree = "<group>"; };
		ED89EB551D54A983000019BB /* AUTO@3x.png */ = {isa = PBXFileReference; lastKnownFileType = image.png; path = "AUTO@3x.png"; sourceTree = "<group>"; };
		ED89EB561D54A983000019BB /* cameraIcon@3x.png */ = {isa = PBXFileReference; lastKnownFileType = image.png; path = "cameraIcon@3x.png"; sourceTree = "<group>"; };
		ED89EB571D54A983000019BB /* focusIcon@3x.png */ = {isa = PBXFileReference; lastKnownFileType = image.png; path = "focusIcon@3x.png"; sourceTree = "<group>"; };
		ED89EB581D54A983000019BB /* OFF@3x.png */ = {isa = PBXFileReference; lastKnownFileType = image.png; path = "OFF@3x.png"; sourceTree = "<group>"; };
		ED89EB591D54A983000019BB /* ON@3x.png */ = {isa = PBXFileReference; lastKnownFileType = image.png; path = "ON@3x.png"; sourceTree = "<group>"; };
		ED89EB5A1D54A983000019BB /* selectedImageGallery@3x.png */ = {isa = PBXFileReference; lastKnownFileType = image.png; path = "selectedImageGallery@3x.png"; sourceTree = "<group>"; };
		ED89EB5C1D54A983000019BB /* ImagePickerIcon.png */ = {isa = PBXFileReference; lastKnownFileType = image.png; path = ImagePickerIcon.png; sourceTree = "<group>"; };
		ED89EB5D1D54A983000019BB /* ImagePickerPresentation.png */ = {isa = PBXFileReference; lastKnownFileType = image.png; path = ImagePickerPresentation.png; sourceTree = "<group>"; };
		ED89EB5F1D54A983000019BB /* AssetManager.swift */ = {isa = PBXFileReference; fileEncoding = 4; lastKnownFileType = sourcecode.swift; path = AssetManager.swift; sourceTree = "<group>"; };
		ED89EB611D54A983000019BB /* BottomContainerView.swift */ = {isa = PBXFileReference; fileEncoding = 4; lastKnownFileType = sourcecode.swift; path = BottomContainerView.swift; sourceTree = "<group>"; };
		ED89EB621D54A983000019BB /* ButtonPicker.swift */ = {isa = PBXFileReference; fileEncoding = 4; lastKnownFileType = sourcecode.swift; path = ButtonPicker.swift; sourceTree = "<group>"; };
		ED89EB631D54A983000019BB /* ImageStack.swift */ = {isa = PBXFileReference; fileEncoding = 4; lastKnownFileType = sourcecode.swift; path = ImageStack.swift; sourceTree = "<group>"; };
		ED89EB641D54A983000019BB /* StackView.swift */ = {isa = PBXFileReference; fileEncoding = 4; lastKnownFileType = sourcecode.swift; path = StackView.swift; sourceTree = "<group>"; };
		ED89EB661D54A983000019BB /* CameraMan.swift */ = {isa = PBXFileReference; fileEncoding = 4; lastKnownFileType = sourcecode.swift; path = CameraMan.swift; sourceTree = "<group>"; };
		ED89EB671D54A983000019BB /* CameraView.swift */ = {isa = PBXFileReference; fileEncoding = 4; lastKnownFileType = sourcecode.swift; path = CameraView.swift; sourceTree = "<group>"; };
		ED89EB681D54A983000019BB /* Configuration.swift */ = {isa = PBXFileReference; fileEncoding = 4; lastKnownFileType = sourcecode.swift; path = Configuration.swift; sourceTree = "<group>"; };
		ED89EB6A1D54A983000019BB /* ConstraintsSetup.swift */ = {isa = PBXFileReference; fileEncoding = 4; lastKnownFileType = sourcecode.swift; path = ConstraintsSetup.swift; sourceTree = "<group>"; };
		ED89EB6B1D54A983000019BB /* Helper.swift */ = {isa = PBXFileReference; fileEncoding = 4; lastKnownFileType = sourcecode.swift; path = Helper.swift; sourceTree = "<group>"; };
		ED89EB6D1D54A983000019BB /* ImageGalleryLayout.swift */ = {isa = PBXFileReference; fileEncoding = 4; lastKnownFileType = sourcecode.swift; path = ImageGalleryLayout.swift; sourceTree = "<group>"; };
		ED89EB6E1D54A983000019BB /* ImageGalleryView.swift */ = {isa = PBXFileReference; fileEncoding = 4; lastKnownFileType = sourcecode.swift; path = ImageGalleryView.swift; sourceTree = "<group>"; };
		ED89EB6F1D54A983000019BB /* ImageGalleryViewCell.swift */ = {isa = PBXFileReference; fileEncoding = 4; lastKnownFileType = sourcecode.swift; path = ImageGalleryViewCell.swift; sourceTree = "<group>"; };
		ED89EB701D54A983000019BB /* ImageGalleryViewDataSource.swift */ = {isa = PBXFileReference; fileEncoding = 4; lastKnownFileType = sourcecode.swift; path = ImageGalleryViewDataSource.swift; sourceTree = "<group>"; };
		ED89EB711D54A983000019BB /* ImagePickerController.swift */ = {isa = PBXFileReference; fileEncoding = 4; lastKnownFileType = sourcecode.swift; path = ImagePickerController.swift; sourceTree = "<group>"; };
		ED89EB721D54A983000019BB /* LocationManager.swift */ = {isa = PBXFileReference; fileEncoding = 4; lastKnownFileType = sourcecode.swift; path = LocationManager.swift; sourceTree = "<group>"; };
		ED89EB741D54A983000019BB /* TopView.swift */ = {isa = PBXFileReference; fileEncoding = 4; lastKnownFileType = sourcecode.swift; path = TopView.swift; sourceTree = "<group>"; };
		ED89EBDB1D55FFC6000019BB /* CA-Bridging-Header.h */ = {isa = PBXFileReference; lastKnownFileType = sourcecode.c.h; path = "CA-Bridging-Header.h"; sourceTree = "<group>"; };
		ED89EBEC1D5624D6000019BB /* CryptoSwift.framework */ = {isa = PBXFileReference; lastKnownFileType = wrapper.framework; name = CryptoSwift.framework; path = "../../../../Library/Developer/Xcode/DerivedData/CA-ddcwlrwmrzdgepcedqbukghsitoj/Build/Products/Debug-iphonesimulator/CryptoSwift/CryptoSwift.framework"; sourceTree = "<group>"; };
		ED8CD3801D49FE980070CAF8 /* TimelineDetailTableViewController.swift */ = {isa = PBXFileReference; fileEncoding = 4; lastKnownFileType = sourcecode.swift; path = TimelineDetailTableViewController.swift; sourceTree = "<group>"; };
		ED8CD3821D4A3F400070CAF8 /* FZYanSJW.TTF */ = {isa = PBXFileReference; lastKnownFileType = file; path = FZYanSJW.TTF; sourceTree = "<group>"; };
		ED8CD3881D4A53120070CAF8 /* Events.storyboard */ = {isa = PBXFileReference; fileEncoding = 4; lastKnownFileType = file.storyboard; path = Events.storyboard; sourceTree = "<group>"; };
		ED8CD38A1D4A53250070CAF8 /* EventsViewController.swift */ = {isa = PBXFileReference; fileEncoding = 4; lastKnownFileType = sourcecode.swift; path = EventsViewController.swift; sourceTree = "<group>"; };
		ED8CD38E1D4A5E5C0070CAF8 /* EventCell.swift */ = {isa = PBXFileReference; fileEncoding = 4; lastKnownFileType = sourcecode.swift; path = EventCell.swift; sourceTree = "<group>"; };
		ED8CD3901D4A680E0070CAF8 /* MonthCell.swift */ = {isa = PBXFileReference; fileEncoding = 4; lastKnownFileType = sourcecode.swift; path = MonthCell.swift; sourceTree = "<group>"; };
		ED8CD3921D4A68DC0070CAF8 /* YearCell.swift */ = {isa = PBXFileReference; fileEncoding = 4; lastKnownFileType = sourcecode.swift; path = YearCell.swift; sourceTree = "<group>"; };
		ED8CD3941D4B0FFC0070CAF8 /* EventDetailView.xib */ = {isa = PBXFileReference; fileEncoding = 4; lastKnownFileType = file.xib; path = EventDetailView.xib; sourceTree = "<group>"; };
		ED8CD3981D4B255E0070CAF8 /* EventDetailView.swift */ = {isa = PBXFileReference; fileEncoding = 4; lastKnownFileType = sourcecode.swift; path = EventDetailView.swift; sourceTree = "<group>"; };
		ED8CD39A1D4B49A60070CAF8 /* Functions.swift */ = {isa = PBXFileReference; fileEncoding = 4; lastKnownFileType = sourcecode.swift; path = Functions.swift; sourceTree = "<group>"; };
		ED8CD39C1D4E1A970070CAF8 /* BucketList.storyboard */ = {isa = PBXFileReference; fileEncoding = 4; lastKnownFileType = file.storyboard; path = BucketList.storyboard; sourceTree = "<group>"; };
		ED8CD39E1D4E1AB90070CAF8 /* BucketListViewController.swift */ = {isa = PBXFileReference; fileEncoding = 4; lastKnownFileType = sourcecode.swift; path = BucketListViewController.swift; sourceTree = "<group>"; };
		ED8CD3A01D4E22200070CAF8 /* BucketListCell.swift */ = {isa = PBXFileReference; fileEncoding = 4; lastKnownFileType = sourcecode.swift; path = BucketListCell.swift; sourceTree = "<group>"; };
		ED8CD3A21D4E28FB0070CAF8 /* zh-Hans */ = {isa = PBXFileReference; lastKnownFileType = text.plist.strings; name = "zh-Hans"; path = "zh-Hans.lproj/Home.strings"; sourceTree = "<group>"; };
		ED8CD3A31D4E28FB0070CAF8 /* zh-Hans */ = {isa = PBXFileReference; lastKnownFileType = text.plist.strings; name = "zh-Hans"; path = "zh-Hans.lproj/LaunchScreen.strings"; sourceTree = "<group>"; };
		ED8CD3A71D4E29470070CAF8 /* zh-Hans */ = {isa = PBXFileReference; lastKnownFileType = text.plist.strings; name = "zh-Hans"; path = "zh-Hans.lproj/InfoPlist.strings"; sourceTree = "<group>"; };
		ED8CD3AC1D4E29470070CAF8 /* zh-Hans */ = {isa = PBXFileReference; lastKnownFileType = text.plist.strings; name = "zh-Hans"; path = "zh-Hans.lproj/Localizable.strings"; sourceTree = "<group>"; };
		ED8CD3B11D4E29480070CAF8 /* zh-Hans */ = {isa = PBXFileReference; lastKnownFileType = text.plist.strings; name = "zh-Hans"; path = "zh-Hans.lproj/InfoPlist.strings"; sourceTree = "<group>"; };
		ED8CD3B61D4E29480070CAF8 /* zh-Hans */ = {isa = PBXFileReference; lastKnownFileType = text.plist.strings; name = "zh-Hans"; path = "zh-Hans.lproj/InfoPlist.strings"; sourceTree = "<group>"; };
		EDCFCE4E1D38BF5B00E2B030 /* SideMenuView.swift */ = {isa = PBXFileReference; fileEncoding = 4; lastKnownFileType = sourcecode.swift; path = SideMenuView.swift; sourceTree = "<group>"; };
		EDCFCE501D39D39400E2B030 /* Places.storyboard */ = {isa = PBXFileReference; fileEncoding = 4; lastKnownFileType = file.storyboard; path = Places.storyboard; sourceTree = "<group>"; };
		EDCFCE521D39D3B500E2B030 /* PlacesViewController.swift */ = {isa = PBXFileReference; fileEncoding = 4; lastKnownFileType = sourcecode.swift; path = PlacesViewController.swift; sourceTree = "<group>"; };
		EDCFCE541D39E0AF00E2B030 /* PlaceCell.swift */ = {isa = PBXFileReference; fileEncoding = 4; lastKnownFileType = sourcecode.swift; path = PlaceCell.swift; sourceTree = "<group>"; };
		EDCFCE571D39E29000E2B030 /* CircularItemListMenu.swift */ = {isa = PBXFileReference; fileEncoding = 4; lastKnownFileType = sourcecode.swift; path = CircularItemListMenu.swift; sourceTree = "<group>"; };
		EDCFCE5C1D39E2BD00E2B030 /* CircularItemListMenu.xib */ = {isa = PBXFileReference; fileEncoding = 4; lastKnownFileType = file.xib; path = CircularItemListMenu.xib; sourceTree = "<group>"; };
		EDCFCE5F1D3A5B8A00E2B030 /* CircularButton.swift */ = {isa = PBXFileReference; fileEncoding = 4; lastKnownFileType = sourcecode.swift; path = CircularButton.swift; sourceTree = "<group>"; };
		EDCFCE681D3C6D2000E2B030 /* PostImageGrid.swift */ = {isa = PBXFileReference; fileEncoding = 4; lastKnownFileType = sourcecode.swift; path = PostImageGrid.swift; sourceTree = "<group>"; };
		EDCFCE6A1D3C6D7A00E2B030 /* PostImageGridItem.swift */ = {isa = PBXFileReference; fileEncoding = 4; lastKnownFileType = sourcecode.swift; path = PostImageGridItem.swift; sourceTree = "<group>"; };
		EDCFCE6C1D3C73CA00E2B030 /* NewTimelineViewController.swift */ = {isa = PBXFileReference; fileEncoding = 4; lastKnownFileType = sourcecode.swift; path = NewTimelineViewController.swift; sourceTree = "<group>"; };
		EDCFCE6E1D3D232900E2B030 /* PostImageGrid.xib */ = {isa = PBXFileReference; fileEncoding = 4; lastKnownFileType = file.xib; path = PostImageGrid.xib; sourceTree = "<group>"; };
		EDCFCE701D3D236B00E2B030 /* PostImageGridItem.xib */ = {isa = PBXFileReference; fileEncoding = 4; lastKnownFileType = file.xib; path = PostImageGridItem.xib; sourceTree = "<group>"; };
		EDCFCE721D435BF200E2B030 /* PhotoCell.swift */ = {isa = PBXFileReference; fileEncoding = 4; lastKnownFileType = sourcecode.swift; path = PhotoCell.swift; sourceTree = "<group>"; };
		EDCFCE741D435CBC00E2B030 /* PlaceViewController.swift */ = {isa = PBXFileReference; fileEncoding = 4; lastKnownFileType = sourcecode.swift; path = PlaceViewController.swift; sourceTree = "<group>"; };
		EDCFCE771D4371CE00E2B030 /* PopAnimation.swift */ = {isa = PBXFileReference; fileEncoding = 4; lastKnownFileType = sourcecode.swift; path = PopAnimation.swift; sourceTree = "<group>"; };
		EDCFCE791D43A99400E2B030 /* PopUpImageViewController.swift */ = {isa = PBXFileReference; fileEncoding = 4; lastKnownFileType = sourcecode.swift; path = PopUpImageViewController.swift; sourceTree = "<group>"; };
		EDCFCE7B1D442FF100E2B030 /* Global.swift */ = {isa = PBXFileReference; fileEncoding = 4; lastKnownFileType = sourcecode.swift; path = Global.swift; sourceTree = "<group>"; };
		EDCFCE7E1D45FA4E00E2B030 /* TopCell.swift */ = {isa = PBXFileReference; fileEncoding = 4; lastKnownFileType = sourcecode.swift; path = TopCell.swift; sourceTree = "<group>"; };
		EDCFCE801D45FA6200E2B030 /* ContentCell.swift */ = {isa = PBXFileReference; fileEncoding = 4; lastKnownFileType = sourcecode.swift; path = ContentCell.swift; sourceTree = "<group>"; };
		EDCFCE821D45FA7200E2B030 /* LoverCell.swift */ = {isa = PBXFileReference; fileEncoding = 4; lastKnownFileType = sourcecode.swift; path = LoverCell.swift; sourceTree = "<group>"; };
		EDCFCE841D45FA7F00E2B030 /* MeCell.swift */ = {isa = PBXFileReference; fileEncoding = 4; lastKnownFileType = sourcecode.swift; path = MeCell.swift; sourceTree = "<group>"; };
		EDCFCE861D45FA9A00E2B030 /* CommentTopCell.swift */ = {isa = PBXFileReference; fileEncoding = 4; lastKnownFileType = sourcecode.swift; path = CommentTopCell.swift; sourceTree = "<group>"; };
		EDCFCE881D45FAA700E2B030 /* CommentCell.swift */ = {isa = PBXFileReference; fileEncoding = 4; lastKnownFileType = sourcecode.swift; path = CommentCell.swift; sourceTree = "<group>"; };
		EDCFCE8A1D45FAB600E2B030 /* CommentBottomCell.swift */ = {isa = PBXFileReference; fileEncoding = 4; lastKnownFileType = sourcecode.swift; path = CommentBottomCell.swift; sourceTree = "<group>"; };
		EDCFCE8C1D46031F00E2B030 /* TimelineDetailViewController.swift */ = {isa = PBXFileReference; fileEncoding = 4; lastKnownFileType = sourcecode.swift; path = TimelineDetailViewController.swift; sourceTree = "<group>"; };
		EDCFCECA1D485B4800E2B030 /* PullDownToLoadView.swift */ = {isa = PBXFileReference; fileEncoding = 4; lastKnownFileType = sourcecode.swift; path = PullDownToLoadView.swift; sourceTree = "<group>"; };
		EDCFCECC1D48836F00E2B030 /* PullUpToLoadView.swift */ = {isa = PBXFileReference; fileEncoding = 4; lastKnownFileType = sourcecode.swift; path = PullUpToLoadView.swift; sourceTree = "<group>"; };
		EDCFCECE1D48842200E2B030 /* PullToLoadView.swift */ = {isa = PBXFileReference; fileEncoding = 4; lastKnownFileType = sourcecode.swift; path = PullToLoadView.swift; sourceTree = "<group>"; };
		EDCFCED01D48A37600E2B030 /* TopCell.xib */ = {isa = PBXFileReference; fileEncoding = 4; lastKnownFileType = file.xib; path = TopCell.xib; sourceTree = "<group>"; };
		EDCFCED21D48A39400E2B030 /* ContentCell.xib */ = {isa = PBXFileReference; fileEncoding = 4; lastKnownFileType = file.xib; path = ContentCell.xib; sourceTree = "<group>"; };
		EDCFCED41D48A3A100E2B030 /* LoverCell.xib */ = {isa = PBXFileReference; fileEncoding = 4; lastKnownFileType = file.xib; path = LoverCell.xib; sourceTree = "<group>"; };
		EDCFCED61D48A3AC00E2B030 /* MeCell.xib */ = {isa = PBXFileReference; fileEncoding = 4; lastKnownFileType = file.xib; path = MeCell.xib; sourceTree = "<group>"; };
		EDCFCED81D48A3BC00E2B030 /* CommentTopCell.xib */ = {isa = PBXFileReference; fileEncoding = 4; lastKnownFileType = file.xib; path = CommentTopCell.xib; sourceTree = "<group>"; };
		EDCFCEDA1D48A3C800E2B030 /* CommentCell.xib */ = {isa = PBXFileReference; fileEncoding = 4; lastKnownFileType = file.xib; path = CommentCell.xib; sourceTree = "<group>"; };
		EDCFCEDC1D48A3D300E2B030 /* CommentBottomCell.xib */ = {isa = PBXFileReference; fileEncoding = 4; lastKnownFileType = file.xib; path = CommentBottomCell.xib; sourceTree = "<group>"; };
		EDCFCEDE1D48A48600E2B030 /* TimelineDetailTableView.xib */ = {isa = PBXFileReference; fileEncoding = 4; lastKnownFileType = file.xib; path = TimelineDetailTableView.xib; sourceTree = "<group>"; };
		EDD08A451D352887001E1459 /* CA.app */ = {isa = PBXFileReference; explicitFileType = wrapper.application; includeInIndex = 0; path = CA.app; sourceTree = BUILT_PRODUCTS_DIR; };
		EDD08A481D352887001E1459 /* AppDelegate.swift */ = {isa = PBXFileReference; lastKnownFileType = sourcecode.swift; path = AppDelegate.swift; sourceTree = "<group>"; };
		EDD08A4A1D352887001E1459 /* HomeViewController.swift */ = {isa = PBXFileReference; lastKnownFileType = sourcecode.swift; path = HomeViewController.swift; sourceTree = "<group>"; };
		EDD08A4D1D352887001E1459 /* Base */ = {isa = PBXFileReference; lastKnownFileType = file.storyboard; name = Base; path = Base.lproj/Home.storyboard; sourceTree = "<group>"; };
		EDD08A501D352887001E1459 /* ca.xcdatamodel */ = {isa = PBXFileReference; lastKnownFileType = wrapper.xcdatamodel; path = ca.xcdatamodel; sourceTree = "<group>"; };
		EDD08A521D352887001E1459 /* Assets.xcassets */ = {isa = PBXFileReference; lastKnownFileType = folder.assetcatalog; path = Assets.xcassets; sourceTree = "<group>"; };
		EDD08A551D352887001E1459 /* Base */ = {isa = PBXFileReference; lastKnownFileType = file.storyboard; name = Base; path = Base.lproj/LaunchScreen.storyboard; sourceTree = "<group>"; };
		EDD08A571D352887001E1459 /* Info.plist */ = {isa = PBXFileReference; lastKnownFileType = text.plist.xml; path = Info.plist; sourceTree = "<group>"; };
		EDD08A5C1D352888001E1459 /* CA.xctest */ = {isa = PBXFileReference; explicitFileType = wrapper.cfbundle; includeInIndex = 0; path = CA.xctest; sourceTree = BUILT_PRODUCTS_DIR; };
		EDD08A601D352888001E1459 /* caTests.swift */ = {isa = PBXFileReference; lastKnownFileType = sourcecode.swift; path = caTests.swift; sourceTree = "<group>"; };
		EDD08A621D352888001E1459 /* Info.plist */ = {isa = PBXFileReference; lastKnownFileType = text.plist.xml; path = Info.plist; sourceTree = "<group>"; };
		EDD08A671D352888001E1459 /* CA.xctest */ = {isa = PBXFileReference; explicitFileType = wrapper.cfbundle; includeInIndex = 0; path = CA.xctest; sourceTree = BUILT_PRODUCTS_DIR; };
		EDD08A6B1D352888001E1459 /* caUITests.swift */ = {isa = PBXFileReference; lastKnownFileType = sourcecode.swift; path = caUITests.swift; sourceTree = "<group>"; };
		EDD08A6D1D352888001E1459 /* Info.plist */ = {isa = PBXFileReference; lastKnownFileType = text.plist.xml; path = Info.plist; sourceTree = "<group>"; };
		EDD08A8D1D354C0F001E1459 /* Timeline.storyboard */ = {isa = PBXFileReference; fileEncoding = 4; lastKnownFileType = file.storyboard; path = Timeline.storyboard; sourceTree = "<group>"; };
		EDD08A8F1D355157001E1459 /* TimelineViewController.swift */ = {isa = PBXFileReference; fileEncoding = 4; lastKnownFileType = sourcecode.swift; path = TimelineViewController.swift; sourceTree = "<group>"; };
		EDD08A991D369B50001E1459 /* SideMenuView.xib */ = {isa = PBXFileReference; fileEncoding = 4; lastKnownFileType = file.xib; path = SideMenuView.xib; sourceTree = "<group>"; };
		EDD08A9D1D36A65E001E1459 /* ElasticView.swift */ = {isa = PBXFileReference; fileEncoding = 4; lastKnownFileType = sourcecode.swift; path = ElasticView.swift; sourceTree = "<group>"; };
		EDD08A9F1D37CF0A001E1459 /* TimelineCell.swift */ = {isa = PBXFileReference; fileEncoding = 4; lastKnownFileType = sourcecode.swift; path = TimelineCell.swift; sourceTree = "<group>"; };
		EDD08AA21D37D058001E1459 /* CircularView.swift */ = {isa = PBXFileReference; fileEncoding = 4; lastKnownFileType = sourcecode.swift; path = CircularView.swift; sourceTree = "<group>"; };
		EDD08AA51D385A1A001E1459 /* RoundedCornerImage.swift */ = {isa = PBXFileReference; fileEncoding = 4; lastKnownFileType = sourcecode.swift; path = RoundedCornerImage.swift; sourceTree = "<group>"; };
		EDD08AA81D385EB4001E1459 /* Constants.swift */ = {isa = PBXFileReference; fileEncoding = 4; lastKnownFileType = sourcecode.swift; path = Constants.swift; sourceTree = "<group>"; };
/* End PBXFileReference section */

/* Begin PBXFrameworksBuildPhase section */
		EDD08A421D352887001E1459 /* Frameworks */ = {
			isa = PBXFrameworksBuildPhase;
			buildActionMask = 2147483647;
			files = (
				08ECE1C4E8B8F770989DFA98 /* Pods_ca.framework in Frameworks */,
			);
			runOnlyForDeploymentPostprocessing = 0;
		};
		EDD08A591D352888001E1459 /* Frameworks */ = {
			isa = PBXFrameworksBuildPhase;
			buildActionMask = 2147483647;
			files = (
				0282943FB55C09DD49D0E3A1 /* Pods_caTests.framework in Frameworks */,
			);
			runOnlyForDeploymentPostprocessing = 0;
		};
		EDD08A641D352888001E1459 /* Frameworks */ = {
			isa = PBXFrameworksBuildPhase;
			buildActionMask = 2147483647;
			files = (
				969ACB3EE75956E5A443325B /* Pods_caUITests.framework in Frameworks */,
			);
			runOnlyForDeploymentPostprocessing = 0;
		};
/* End PBXFrameworksBuildPhase section */

/* Begin PBXGroup section */
		6C1E4CDC6F25EFFB70850748 /* Pods */ = {
			isa = PBXGroup;
			children = (
				9E10788F977E50A3447773C9 /* Pods-ca.debug.xcconfig */,
				83851E75DFF9E80756BDC13F /* Pods-ca.release.xcconfig */,
				93B3679EE0481CD20AC2DB41 /* Pods-caTests.debug.xcconfig */,
				DDBBEA47DDF60067CC10047F /* Pods-caTests.release.xcconfig */,
				683A3EB9DC60B6694129F272 /* Pods-caUITests.debug.xcconfig */,
				E40BDD9D776D74E7AF11983F /* Pods-caUITests.release.xcconfig */,
			);
			name = Pods;
			sourceTree = "<group>";
		};
		8ADB9A188BCFE145A97243F0 /* Frameworks */ = {
			isa = PBXGroup;
			children = (
				ED89EBEC1D5624D6000019BB /* CryptoSwift.framework */,
				4225F39CC0396E27DE8D8A2E /* Pods_ca.framework */,
				046C5D164A9D9D5DCA862451 /* Pods_caTests.framework */,
				B3D02BD12BB0CA781CD68D1A /* Pods_caUITests.framework */,
			);
			name = Frameworks;
			sourceTree = "<group>";
		};
		ED18B01C1D5B74A800892359 /* CollectionViewCells */ = {
			isa = PBXGroup;
			children = (
				ED18B01D1D5B751100892359 /* IconPanelCell.swift */,
				ED18B01F1D5B752200892359 /* BgColorPanelCell.swift */,
			);
			name = CollectionViewCells;
			sourceTree = "<group>";
		};
		ED705FB71D49F9CC003128F6 /* fonts */ = {
			isa = PBXGroup;
			children = (
				ED8CD3821D4A3F400070CAF8 /* FZYanSJW.TTF */,
				ED705FBD1D49FA9D003128F6 /* GeosansLight-Oblique.ttf */,
				ED705FBE1D49FA9D003128F6 /* GeosansLight.ttf */,
				ED705FB61D49F9BB003128F6 /* odstemplikBold.otf */,
				ED705FB41D49F96D003128F6 /* odstemplik.otf */,
				ED705FB21D49F8B3003128F6 /* Odessa LET.TTF */,
				ED705FAF1D49F58B003128F6 /* HomeRem.ttf */,
				ED705FAE1D49F463003128F6 /* FZQKBYSJW.TTF */,
			);
			name = fonts;
			sourceTree = "<group>";
		};
		ED89EB531D54A983000019BB /* ImagePicker */ = {
			isa = PBXGroup;
			children = (
				ED89EB541D54A983000019BB /* Images */,
				ED89EB5B1D54A983000019BB /* Resources */,
				ED89EB5E1D54A983000019BB /* Source */,
			);
			path = ImagePicker;
			sourceTree = "<group>";
		};
		ED89EB541D54A983000019BB /* Images */ = {
			isa = PBXGroup;
			children = (
				ED89EB551D54A983000019BB /* AUTO@3x.png */,
				ED89EB561D54A983000019BB /* cameraIcon@3x.png */,
				ED89EB571D54A983000019BB /* focusIcon@3x.png */,
				ED89EB581D54A983000019BB /* OFF@3x.png */,
				ED89EB591D54A983000019BB /* ON@3x.png */,
				ED89EB5A1D54A983000019BB /* selectedImageGallery@3x.png */,
			);
			path = Images;
			sourceTree = "<group>";
		};
		ED89EB5B1D54A983000019BB /* Resources */ = {
			isa = PBXGroup;
			children = (
				ED89EB5C1D54A983000019BB /* ImagePickerIcon.png */,
				ED89EB5D1D54A983000019BB /* ImagePickerPresentation.png */,
			);
			path = Resources;
			sourceTree = "<group>";
		};
		ED89EB5E1D54A983000019BB /* Source */ = {
			isa = PBXGroup;
			children = (
				ED89EB5F1D54A983000019BB /* AssetManager.swift */,
				ED89EB601D54A983000019BB /* BottomView */,
				ED89EB651D54A983000019BB /* CameraView */,
				ED89EB681D54A983000019BB /* Configuration.swift */,
				ED89EB691D54A983000019BB /* Extensions */,
				ED89EB6B1D54A983000019BB /* Helper.swift */,
				ED89EB6C1D54A983000019BB /* ImageGallery */,
				ED89EB711D54A983000019BB /* ImagePickerController.swift */,
				ED89EB721D54A983000019BB /* LocationManager.swift */,
				ED89EB731D54A983000019BB /* TopView */,
			);
			path = Source;
			sourceTree = "<group>";
		};
		ED89EB601D54A983000019BB /* BottomView */ = {
			isa = PBXGroup;
			children = (
				ED89EB611D54A983000019BB /* BottomContainerView.swift */,
				ED89EB621D54A983000019BB /* ButtonPicker.swift */,
				ED89EB631D54A983000019BB /* ImageStack.swift */,
				ED89EB641D54A983000019BB /* StackView.swift */,
			);
			path = BottomView;
			sourceTree = "<group>";
		};
		ED89EB651D54A983000019BB /* CameraView */ = {
			isa = PBXGroup;
			children = (
				ED89EB661D54A983000019BB /* CameraMan.swift */,
				ED89EB671D54A983000019BB /* CameraView.swift */,
			);
			path = CameraView;
			sourceTree = "<group>";
		};
		ED89EB691D54A983000019BB /* Extensions */ = {
			isa = PBXGroup;
			children = (
				ED89EB6A1D54A983000019BB /* ConstraintsSetup.swift */,
			);
			path = Extensions;
			sourceTree = "<group>";
		};
		ED89EB6C1D54A983000019BB /* ImageGallery */ = {
			isa = PBXGroup;
			children = (
				ED89EB6D1D54A983000019BB /* ImageGalleryLayout.swift */,
				ED89EB6E1D54A983000019BB /* ImageGalleryView.swift */,
				ED89EB6F1D54A983000019BB /* ImageGalleryViewCell.swift */,
				ED89EB701D54A983000019BB /* ImageGalleryViewDataSource.swift */,
			);
			path = ImageGallery;
			sourceTree = "<group>";
		};
		ED89EB731D54A983000019BB /* TopView */ = {
			isa = PBXGroup;
			children = (
				ED89EB741D54A983000019BB /* TopView.swift */,
			);
			path = TopView;
			sourceTree = "<group>";
		};
		ED8CD3841D4A52CA0070CAF8 /* Events */ = {
			isa = PBXGroup;
			children = (
				ED8CD3851D4A52E40070CAF8 /* Controllers */,
				ED8CD3861D4A52EE0070CAF8 /* Models */,
				ED8CD3871D4A52F50070CAF8 /* Views */,
			);
			name = Events;
			sourceTree = "<group>";
		};
		ED8CD3851D4A52E40070CAF8 /* Controllers */ = {
			isa = PBXGroup;
			children = (
				ED8CD38A1D4A53250070CAF8 /* EventsViewController.swift */,
			);
			name = Controllers;
			sourceTree = "<group>";
		};
		ED8CD3861D4A52EE0070CAF8 /* Models */ = {
			isa = PBXGroup;
			children = (
			);
			name = Models;
			sourceTree = "<group>";
		};
		ED8CD3871D4A52F50070CAF8 /* Views */ = {
			isa = PBXGroup;
			children = (
				ED8CD3881D4A53120070CAF8 /* Events.storyboard */,
				ED8CD38E1D4A5E5C0070CAF8 /* EventCell.swift */,
				ED8CD3901D4A680E0070CAF8 /* MonthCell.swift */,
				ED8CD3921D4A68DC0070CAF8 /* YearCell.swift */,
				ED8CD3941D4B0FFC0070CAF8 /* EventDetailView.xib */,
				ED8CD3981D4B255E0070CAF8 /* EventDetailView.swift */,
			);
			name = Views;
			sourceTree = "<group>";
		};
		EDCFCE561D39E25700E2B030 /* CircularItemListMenu */ = {
			isa = PBXGroup;
			children = (
				EDCFCE591D39E29400E2B030 /* Controllers */,
				EDCFCE5B1D39E2A300E2B030 /* Models */,
				EDCFCE5A1D39E29B00E2B030 /* Views */,
			);
			name = CircularItemListMenu;
			sourceTree = "<group>";
		};
		EDCFCE591D39E29400E2B030 /* Controllers */ = {
			isa = PBXGroup;
			children = (
				EDCFCE571D39E29000E2B030 /* CircularItemListMenu.swift */,
			);
			name = Controllers;
			sourceTree = "<group>";
		};
		EDCFCE5A1D39E29B00E2B030 /* Views */ = {
			isa = PBXGroup;
			children = (
				EDCFCE5C1D39E2BD00E2B030 /* CircularItemListMenu.xib */,
			);
			name = Views;
			sourceTree = "<group>";
		};
		EDCFCE5B1D39E2A300E2B030 /* Models */ = {
			isa = PBXGroup;
			children = (
			);
			name = Models;
			sourceTree = "<group>";
		};
		EDCFCE5E1D3A5B7000E2B030 /* CircularButton */ = {
			isa = PBXGroup;
			children = (
				EDCFCE5F1D3A5B8A00E2B030 /* CircularButton.swift */,
			);
			name = CircularButton;
			sourceTree = "<group>";
		};
		EDCFCE641D3C6CE200E2B030 /* PostImageGrid */ = {
			isa = PBXGroup;
			children = (
				EDCFCE651D3C6CF900E2B030 /* Controllers */,
				EDCFCE671D3C6D0500E2B030 /* Models */,
				EDCFCE661D3C6D0000E2B030 /* Views */,
			);
			name = PostImageGrid;
			sourceTree = "<group>";
		};
		EDCFCE651D3C6CF900E2B030 /* Controllers */ = {
			isa = PBXGroup;
			children = (
				EDCFCE681D3C6D2000E2B030 /* PostImageGrid.swift */,
				EDCFCE6A1D3C6D7A00E2B030 /* PostImageGridItem.swift */,
			);
			name = Controllers;
			sourceTree = "<group>";
		};
		EDCFCE661D3C6D0000E2B030 /* Views */ = {
			isa = PBXGroup;
			children = (
				EDCFCE6E1D3D232900E2B030 /* PostImageGrid.xib */,
				EDCFCE701D3D236B00E2B030 /* PostImageGridItem.xib */,
			);
			name = Views;
			sourceTree = "<group>";
		};
		EDCFCE671D3C6D0500E2B030 /* Models */ = {
			isa = PBXGroup;
			children = (
			);
			name = Models;
			sourceTree = "<group>";
		};
		EDCFCE761D4371B400E2B030 /* TransitionAnimation */ = {
			isa = PBXGroup;
			children = (
				EDCFCE771D4371CE00E2B030 /* PopAnimation.swift */,
			);
			name = TransitionAnimation;
			sourceTree = "<group>";
		};
		EDCFCE7D1D45FA2900E2B030 /* TimelineDetailCells */ = {
			isa = PBXGroup;
			children = (
				EDCFCE7E1D45FA4E00E2B030 /* TopCell.swift */,
				EDCFCE801D45FA6200E2B030 /* ContentCell.swift */,
				EDCFCE821D45FA7200E2B030 /* LoverCell.swift */,
				EDCFCE841D45FA7F00E2B030 /* MeCell.swift */,
				EDCFCE861D45FA9A00E2B030 /* CommentTopCell.swift */,
				EDCFCE881D45FAA700E2B030 /* CommentCell.swift */,
				EDCFCE8A1D45FAB600E2B030 /* CommentBottomCell.swift */,
				EDCFCED01D48A37600E2B030 /* TopCell.xib */,
				EDCFCED21D48A39400E2B030 /* ContentCell.xib */,
				EDCFCED41D48A3A100E2B030 /* LoverCell.xib */,
				EDCFCED61D48A3AC00E2B030 /* MeCell.xib */,
				EDCFCED81D48A3BC00E2B030 /* CommentTopCell.xib */,
				EDCFCEDA1D48A3C800E2B030 /* CommentCell.xib */,
				EDCFCEDC1D48A3D300E2B030 /* CommentBottomCell.xib */,
				EDCFCEDE1D48A48600E2B030 /* TimelineDetailTableView.xib */,
			);
			name = TimelineDetailCells;
			sourceTree = "<group>";
		};
		EDD08A3C1D352887001E1459 = {
			isa = PBXGroup;
			children = (
				EDD08A471D352887001E1459 /* ca */,
				EDD08A5F1D352888001E1459 /* caTests */,
				EDD08A6A1D352888001E1459 /* caUITests */,
				EDD08A461D352887001E1459 /* Products */,
				6C1E4CDC6F25EFFB70850748 /* Pods */,
				8ADB9A188BCFE145A97243F0 /* Frameworks */,
			);
			sourceTree = "<group>";
		};
		EDD08A461D352887001E1459 /* Products */ = {
			isa = PBXGroup;
			children = (
				EDD08A451D352887001E1459 /* CA.app */,
				EDD08A5C1D352888001E1459 /* CA.xctest */,
				EDD08A671D352888001E1459 /* CA.xctest */,
			);
			name = Products;
			sourceTree = "<group>";
		};
		EDD08A471D352887001E1459 /* ca */ = {
			isa = PBXGroup;
			children = (
				ED89EBDB1D55FFC6000019BB /* CA-Bridging-Header.h */,
				EDD08A7B1D352CC3001E1459 /* App */,
				EDD08A7A1D352CAF001E1459 /* Network */,
				EDD08A791D352AF7001E1459 /* External */,
				EDD08A8C1D3531BA001E1459 /* Resources */,
				EDD08A481D352887001E1459 /* AppDelegate.swift */,
				EDD08A541D352887001E1459 /* LaunchScreen.storyboard */,
				EDD08A4F1D352887001E1459 /* ca.xcdatamodeld */,
			);
			path = ca;
			sourceTree = "<group>";
		};
		EDD08A5F1D352888001E1459 /* caTests */ = {
			isa = PBXGroup;
			children = (
				ED8CD3B21D4E29480070CAF8 /* InfoPlist.strings */,
				EDD08A601D352888001E1459 /* caTests.swift */,
				EDD08A621D352888001E1459 /* Info.plist */,
			);
			path = caTests;
			sourceTree = "<group>";
		};
		EDD08A6A1D352888001E1459 /* caUITests */ = {
			isa = PBXGroup;
			children = (
				ED8CD3B71D4E29480070CAF8 /* InfoPlist.strings */,
				EDD08A6B1D352888001E1459 /* caUITests.swift */,
				EDD08A6D1D352888001E1459 /* Info.plist */,
			);
			path = caUITests;
			sourceTree = "<group>";
		};
		EDD08A791D352AF7001E1459 /* External */ = {
			isa = PBXGroup;
			children = (
			);
			name = External;
			sourceTree = "<group>";
		};
		EDD08A7A1D352CAF001E1459 /* Network */ = {
			isa = PBXGroup;
			children = (
				ED18B0141D57308C00892359 /* TimelineRequest.swift */,
			);
			name = Network;
			sourceTree = "<group>";
		};
		EDD08A7B1D352CC3001E1459 /* App */ = {
			isa = PBXGroup;
			children = (
				EDCFCE7B1D442FF100E2B030 /* Global.swift */,
				EDD08A931D369AD1001E1459 /* Util */,
				ED8CD3841D4A52CA0070CAF8 /* Events */,
				EDD08A881D353136001E1459 /* BucketList */,
				EDD08A841D35302C001E1459 /* Places */,
				EDD08A801D352FED001E1459 /* Timeline */,
				EDD08A7C1D352CD8001E1459 /* Home */,
			);
			name = App;
			sourceTree = "<group>";
		};
		EDD08A7C1D352CD8001E1459 /* Home */ = {
			isa = PBXGroup;
			children = (
				EDD08A7D1D352CE3001E1459 /* Controllers */,
				EDD08A7E1D352CF8001E1459 /* Models */,
				EDD08A7F1D352CFE001E1459 /* Views */,
			);
			name = Home;
			sourceTree = "<group>";
		};
		EDD08A7D1D352CE3001E1459 /* Controllers */ = {
			isa = PBXGroup;
			children = (
				EDD08A4A1D352887001E1459 /* HomeViewController.swift */,
			);
			name = Controllers;
			sourceTree = "<group>";
		};
		EDD08A7E1D352CF8001E1459 /* Models */ = {
			isa = PBXGroup;
			children = (
			);
			name = Models;
			sourceTree = "<group>";
		};
		EDD08A7F1D352CFE001E1459 /* Views */ = {
			isa = PBXGroup;
			children = (
				EDD08A4C1D352887001E1459 /* Home.storyboard */,
			);
			name = Views;
			sourceTree = "<group>";
		};
		EDD08A801D352FED001E1459 /* Timeline */ = {
			isa = PBXGroup;
			children = (
				EDD08A811D352FF7001E1459 /* Controllers */,
				EDD08A821D352FFD001E1459 /* Models */,
				EDD08A831D353002001E1459 /* Views */,
			);
			name = Timeline;
			sourceTree = "<group>";
		};
		EDD08A811D352FF7001E1459 /* Controllers */ = {
			isa = PBXGroup;
			children = (
				EDD08A8F1D355157001E1459 /* TimelineViewController.swift */,
				EDCFCE6C1D3C73CA00E2B030 /* NewTimelineViewController.swift */,
				EDCFCE8C1D46031F00E2B030 /* TimelineDetailViewController.swift */,
			);
			name = Controllers;
			sourceTree = "<group>";
		};
		EDD08A821D352FFD001E1459 /* Models */ = {
			isa = PBXGroup;
			children = (
				ED18B0161D589E0300892359 /* Timeline.swift */,
				ED18B01A1D59FBA900892359 /* TimelineComment.swift */,
			);
			name = Models;
			sourceTree = "<group>";
		};
		EDD08A831D353002001E1459 /* Views */ = {
			isa = PBXGroup;
			children = (
				ED18B01C1D5B74A800892359 /* CollectionViewCells */,
				EDD08A8D1D354C0F001E1459 /* Timeline.storyboard */,
				EDD08A9F1D37CF0A001E1459 /* TimelineCell.swift */,
				ED8CD3801D49FE980070CAF8 /* TimelineDetailTableViewController.swift */,
				EDCFCE7D1D45FA2900E2B030 /* TimelineDetailCells */,
				EDCFCECA1D485B4800E2B030 /* PullDownToLoadView.swift */,
				EDCFCECC1D48836F00E2B030 /* PullUpToLoadView.swift */,
				EDCFCECE1D48842200E2B030 /* PullToLoadView.swift */,
			);
			name = Views;
			sourceTree = "<group>";
		};
		EDD08A841D35302C001E1459 /* Places */ = {
			isa = PBXGroup;
			children = (
				EDD08A871D353043001E1459 /* Controllers */,
				EDD08A861D35303D001E1459 /* Models */,
				EDD08A851D353037001E1459 /* Views */,
			);
			name = Places;
			sourceTree = "<group>";
		};
		EDD08A851D353037001E1459 /* Views */ = {
			isa = PBXGroup;
			children = (
				EDCFCE501D39D39400E2B030 /* Places.storyboard */,
				EDCFCE541D39E0AF00E2B030 /* PlaceCell.swift */,
				EDCFCE721D435BF200E2B030 /* PhotoCell.swift */,
			);
			name = Views;
			sourceTree = "<group>";
		};
		EDD08A861D35303D001E1459 /* Models */ = {
			isa = PBXGroup;
			children = (
				ED18B0271D5DFABC00892359 /* Place.swift */,
				ED18B0291D5DFB9D00892359 /* Photo.swift */,
			);
			name = Models;
			sourceTree = "<group>";
		};
		EDD08A871D353043001E1459 /* Controllers */ = {
			isa = PBXGroup;
			children = (
				EDCFCE521D39D3B500E2B030 /* PlacesViewController.swift */,
				EDCFCE741D435CBC00E2B030 /* PlaceViewController.swift */,
				EDCFCE791D43A99400E2B030 /* PopUpImageViewController.swift */,
			);
			name = Controllers;
			sourceTree = "<group>";
		};
		EDD08A881D353136001E1459 /* BucketList */ = {
			isa = PBXGroup;
			children = (
				EDD08A8B1D353181001E1459 /* Controllers */,
				EDD08A8A1D35315A001E1459 /* Models */,
				EDD08A891D353156001E1459 /* Views */,
			);
			name = BucketList;
			sourceTree = "<group>";
		};
		EDD08A891D353156001E1459 /* Views */ = {
			isa = PBXGroup;
			children = (
				ED8CD39C1D4E1A970070CAF8 /* BucketList.storyboard */,
				ED8CD3A01D4E22200070CAF8 /* BucketListCell.swift */,
				ED18B0211D5DD5C800892359 /* NewBucketListItem.xib */,
				ED18B0231D5DD7F800892359 /* NewBucketListItem.swift */,
			);
			name = Views;
			sourceTree = "<group>";
		};
		EDD08A8A1D35315A001E1459 /* Models */ = {
			isa = PBXGroup;
			children = (
				ED18B0251D5DE60900892359 /* BucketListItem.swift */,
			);
			name = Models;
			sourceTree = "<group>";
		};
		EDD08A8B1D353181001E1459 /* Controllers */ = {
			isa = PBXGroup;
			children = (
				ED8CD39E1D4E1AB90070CAF8 /* BucketListViewController.swift */,
			);
			name = Controllers;
			sourceTree = "<group>";
		};
		EDD08A8C1D3531BA001E1459 /* Resources */ = {
			isa = PBXGroup;
			children = (
				ED8CD3AD1D4E29470070CAF8 /* Localizable.strings */,
				ED8CD3A81D4E29470070CAF8 /* InfoPlist.strings */,
				ED705FB71D49F9CC003128F6 /* fonts */,
				EDD08A521D352887001E1459 /* Assets.xcassets */,
				EDD08A571D352887001E1459 /* Info.plist */,
			);
			name = Resources;
			sourceTree = "<group>";
		};
		EDD08A931D369AD1001E1459 /* Util */ = {
			isa = PBXGroup;
			children = (
				ED89EB531D54A983000019BB /* ImagePicker */,
				EDCFCE761D4371B400E2B030 /* TransitionAnimation */,
				EDCFCE641D3C6CE200E2B030 /* PostImageGrid */,
				EDCFCE5E1D3A5B7000E2B030 /* CircularButton */,
				EDCFCE561D39E25700E2B030 /* CircularItemListMenu */,
				EDD08AA71D385EA3001E1459 /* Common */,
				EDD08AA41D3859F0001E1459 /* RoundedCornerImage */,
				EDD08AA11D37D02B001E1459 /* CircularView */,
				EDD08A9C1D36A62B001E1459 /* ElasticView */,
				EDD08A941D369AE7001E1459 /* SideMenu */,
			);
			name = Util;
			sourceTree = "<group>";
		};
		EDD08A941D369AE7001E1459 /* SideMenu */ = {
			isa = PBXGroup;
			children = (
				EDD08A971D369B03001E1459 /* Controllers */,
				EDD08A961D369AFE001E1459 /* Models */,
				EDD08A951D369AF9001E1459 /* Views */,
			);
			name = SideMenu;
			sourceTree = "<group>";
		};
		EDD08A951D369AF9001E1459 /* Views */ = {
			isa = PBXGroup;
			children = (
				EDD08A991D369B50001E1459 /* SideMenuView.xib */,
			);
			name = Views;
			sourceTree = "<group>";
		};
		EDD08A961D369AFE001E1459 /* Models */ = {
			isa = PBXGroup;
			children = (
			);
			name = Models;
			sourceTree = "<group>";
		};
		EDD08A971D369B03001E1459 /* Controllers */ = {
			isa = PBXGroup;
			children = (
				EDCFCE4E1D38BF5B00E2B030 /* SideMenuView.swift */,
			);
			name = Controllers;
			sourceTree = "<group>";
		};
		EDD08A9C1D36A62B001E1459 /* ElasticView */ = {
			isa = PBXGroup;
			children = (
				EDD08A9D1D36A65E001E1459 /* ElasticView.swift */,
			);
			name = ElasticView;
			sourceTree = "<group>";
		};
		EDD08AA11D37D02B001E1459 /* CircularView */ = {
			isa = PBXGroup;
			children = (
				EDD08AA21D37D058001E1459 /* CircularView.swift */,
			);
			name = CircularView;
			sourceTree = "<group>";
		};
		EDD08AA41D3859F0001E1459 /* RoundedCornerImage */ = {
			isa = PBXGroup;
			children = (
				EDD08AA51D385A1A001E1459 /* RoundedCornerImage.swift */,
			);
			name = RoundedCornerImage;
			sourceTree = "<group>";
		};
		EDD08AA71D385EA3001E1459 /* Common */ = {
			isa = PBXGroup;
			children = (
				EDD08AA81D385EB4001E1459 /* Constants.swift */,
				ED705FAC1D49E720003128F6 /* Extensions.swift */,
				ED8CD39A1D4B49A60070CAF8 /* Functions.swift */,
			);
			name = Common;
			sourceTree = "<group>";
		};
/* End PBXGroup section */

/* Begin PBXNativeTarget section */
		EDD08A441D352887001E1459 /* ca */ = {
			isa = PBXNativeTarget;
			buildConfigurationList = EDD08A701D352888001E1459 /* Build configuration list for PBXNativeTarget "ca" */;
			buildPhases = (
				B471902970CA7FFA9EB73071 /* 📦 Check Pods Manifest.lock */,
				EDD08A411D352887001E1459 /* Sources */,
				EDD08A421D352887001E1459 /* Frameworks */,
				EDD08A431D352887001E1459 /* Resources */,
				20451D720A22FF56E68D1AC3 /* 📦 Embed Pods Frameworks */,
				1B1E007B131214616144CF56 /* 📦 Copy Pods Resources */,
			);
			buildRules = (
			);
			dependencies = (
			);
			name = ca;
			productName = ca;
			productReference = EDD08A451D352887001E1459 /* CA.app */;
			productType = "com.apple.product-type.application";
		};
		EDD08A5B1D352888001E1459 /* caTests */ = {
			isa = PBXNativeTarget;
			buildConfigurationList = EDD08A731D352888001E1459 /* Build configuration list for PBXNativeTarget "caTests" */;
			buildPhases = (
				73B0412908A6A2CACED6CF49 /* 📦 Check Pods Manifest.lock */,
				EDD08A581D352888001E1459 /* Sources */,
				EDD08A591D352888001E1459 /* Frameworks */,
				EDD08A5A1D352888001E1459 /* Resources */,
				BCCCF3C3CF642DBFE643E5B0 /* 📦 Embed Pods Frameworks */,
				13F154487BA551F7BA5A9C16 /* 📦 Copy Pods Resources */,
			);
			buildRules = (
			);
			dependencies = (
				EDD08A5E1D352888001E1459 /* PBXTargetDependency */,
			);
			name = caTests;
			productName = caTests;
			productReference = EDD08A5C1D352888001E1459 /* CA.xctest */;
			productType = "com.apple.product-type.bundle.unit-test";
		};
		EDD08A661D352888001E1459 /* caUITests */ = {
			isa = PBXNativeTarget;
			buildConfigurationList = EDD08A761D352888001E1459 /* Build configuration list for PBXNativeTarget "caUITests" */;
			buildPhases = (
				53DE4DF139B2C052A7D339E8 /* 📦 Check Pods Manifest.lock */,
				EDD08A631D352888001E1459 /* Sources */,
				EDD08A641D352888001E1459 /* Frameworks */,
				EDD08A651D352888001E1459 /* Resources */,
				F631A19AE850A8F62D400B87 /* 📦 Copy Pods Resources */,
			);
			buildRules = (
			);
			dependencies = (
				EDD08A691D352888001E1459 /* PBXTargetDependency */,
			);
			name = caUITests;
			productName = caUITests;
			productReference = EDD08A671D352888001E1459 /* CA.xctest */;
			productType = "com.apple.product-type.bundle.ui-testing";
		};
/* End PBXNativeTarget section */

/* Begin PBXProject section */
		EDD08A3D1D352887001E1459 /* Project object */ = {
			isa = PBXProject;
			attributes = {
				LastSwiftUpdateCheck = 0730;
				LastUpgradeCheck = 0730;
				ORGANIZATIONNAME = Ant;
				TargetAttributes = {
					EDD08A441D352887001E1459 = {
						CreatedOnToolsVersion = 7.3.1;
						DevelopmentTeam = 4MYCVL6L86;
						SystemCapabilities = {
							com.apple.Maps.iOS = {
								enabled = 0;
							};
						};
					};
					EDD08A5B1D352888001E1459 = {
						CreatedOnToolsVersion = 7.3.1;
						TestTargetID = EDD08A441D352887001E1459;
					};
					EDD08A661D352888001E1459 = {
						CreatedOnToolsVersion = 7.3.1;
						TestTargetID = EDD08A441D352887001E1459;
					};
				};
			};
			buildConfigurationList = EDD08A401D352887001E1459 /* Build configuration list for PBXProject "CA" */;
			compatibilityVersion = "Xcode 3.2";
			developmentRegion = English;
			hasScannedForEncodings = 0;
			knownRegions = (
				en,
				Base,
			);
			mainGroup = EDD08A3C1D352887001E1459;
			productRefGroup = EDD08A461D352887001E1459 /* Products */;
			projectDirPath = "";
			projectRoot = "";
			targets = (
				EDD08A441D352887001E1459 /* ca */,
				EDD08A5B1D352888001E1459 /* caTests */,
				EDD08A661D352888001E1459 /* caUITests */,
			);
		};
/* End PBXProject section */

/* Begin PBXResourcesBuildPhase section */
		EDD08A431D352887001E1459 /* Resources */ = {
			isa = PBXResourcesBuildPhase;
			buildActionMask = 2147483647;
			files = (
				ED8CD3831D4A3F600070CAF8 /* FZYanSJW.TTF in Resources */,
				ED89EB761D54A983000019BB /* cameraIcon@3x.png in Resources */,
				ED705FBF1D49FAB5003128F6 /* GeosansLight-Oblique.ttf in Resources */,
				ED18B0221D5DD5C800892359 /* NewBucketListItem.xib in Resources */,
				ED705FC01D49FAB8003128F6 /* GeosansLight.ttf in Resources */,
				ED705FB81D49F9EF003128F6 /* odstemplikBold.otf in Resources */,
				ED705FB91D49F9EF003128F6 /* odstemplik.otf in Resources */,
				ED705FBA1D49F9EF003128F6 /* Odessa LET.TTF in Resources */,
				ED705FBB1D49F9EF003128F6 /* HomeRem.ttf in Resources */,
				ED705FBC1D49F9EF003128F6 /* FZQKBYSJW.TTF in Resources */,
				ED89EB7A1D54A983000019BB /* selectedImageGallery@3x.png in Resources */,
				EDCFCEDB1D48A3C800E2B030 /* CommentCell.xib in Resources */,
				EDD08A561D352887001E1459 /* LaunchScreen.storyboard in Resources */,
				ED89EB7B1D54A983000019BB /* ImagePickerIcon.png in Resources */,
				EDCFCE6F1D3D232900E2B030 /* PostImageGrid.xib in Resources */,
				EDD08A8E1D354C0F001E1459 /* Timeline.storyboard in Resources */,
				EDD08A9B1D369B50001E1459 /* SideMenuView.xib in Resources */,
				ED8CD3A61D4E29470070CAF8 /* InfoPlist.strings in Resources */,
				EDD08A531D352887001E1459 /* Assets.xcassets in Resources */,
				EDCFCED91D48A3BC00E2B030 /* CommentTopCell.xib in Resources */,
				ED89EB781D54A983000019BB /* OFF@3x.png in Resources */,
				EDCFCED71D48A3AC00E2B030 /* MeCell.xib in Resources */,
				ED89EB751D54A983000019BB /* AUTO@3x.png in Resources */,
				EDCFCE511D39D39400E2B030 /* Places.storyboard in Resources */,
				EDCFCED31D48A39400E2B030 /* ContentCell.xib in Resources */,
				ED89EB771D54A983000019BB /* focusIcon@3x.png in Resources */,
				EDD08A4E1D352887001E1459 /* Home.storyboard in Resources */,
				EDCFCED11D48A37600E2B030 /* TopCell.xib in Resources */,
				ED89EB791D54A983000019BB /* ON@3x.png in Resources */,
				EDCFCEDF1D48A48600E2B030 /* TimelineDetailTableView.xib in Resources */,
				EDCFCE711D3D236B00E2B030 /* PostImageGridItem.xib in Resources */,
				ED8CD39D1D4E1A970070CAF8 /* BucketList.storyboard in Resources */,
				EDCFCED51D48A3A100E2B030 /* LoverCell.xib in Resources */,
				ED8CD3AB1D4E29470070CAF8 /* Localizable.strings in Resources */,
				ED89EB7C1D54A983000019BB /* ImagePickerPresentation.png in Resources */,
				EDCFCEDD1D48A3D300E2B030 /* CommentBottomCell.xib in Resources */,
				EDCFCE5D1D39E2BD00E2B030 /* CircularItemListMenu.xib in Resources */,
				ED8CD3891D4A53120070CAF8 /* Events.storyboard in Resources */,
				ED8CD3951D4B0FFC0070CAF8 /* EventDetailView.xib in Resources */,
			);
			runOnlyForDeploymentPostprocessing = 0;
		};
		EDD08A5A1D352888001E1459 /* Resources */ = {
			isa = PBXResourcesBuildPhase;
			buildActionMask = 2147483647;
			files = (
				ED8CD3B01D4E29480070CAF8 /* InfoPlist.strings in Resources */,
			);
			runOnlyForDeploymentPostprocessing = 0;
		};
		EDD08A651D352888001E1459 /* Resources */ = {
			isa = PBXResourcesBuildPhase;
			buildActionMask = 2147483647;
			files = (
				ED8CD3B51D4E29480070CAF8 /* InfoPlist.strings in Resources */,
			);
			runOnlyForDeploymentPostprocessing = 0;
		};
/* End PBXResourcesBuildPhase section */

/* Begin PBXShellScriptBuildPhase section */
		13F154487BA551F7BA5A9C16 /* 📦 Copy Pods Resources */ = {
			isa = PBXShellScriptBuildPhase;
			buildActionMask = 2147483647;
			files = (
			);
			inputPaths = (
			);
			name = "📦 Copy Pods Resources";
			outputPaths = (
			);
			runOnlyForDeploymentPostprocessing = 0;
			shellPath = /bin/sh;
			shellScript = "\"${SRCROOT}/Pods/Target Support Files/Pods-caTests/Pods-caTests-resources.sh\"\n";
			showEnvVarsInLog = 0;
		};
		1B1E007B131214616144CF56 /* 📦 Copy Pods Resources */ = {
			isa = PBXShellScriptBuildPhase;
			buildActionMask = 2147483647;
			files = (
			);
			inputPaths = (
			);
			name = "📦 Copy Pods Resources";
			outputPaths = (
			);
			runOnlyForDeploymentPostprocessing = 0;
			shellPath = /bin/sh;
			shellScript = "\"${SRCROOT}/Pods/Target Support Files/Pods-ca/Pods-ca-resources.sh\"\n";
			showEnvVarsInLog = 0;
		};
		20451D720A22FF56E68D1AC3 /* 📦 Embed Pods Frameworks */ = {
			isa = PBXShellScriptBuildPhase;
			buildActionMask = 2147483647;
			files = (
			);
			inputPaths = (
			);
			name = "📦 Embed Pods Frameworks";
			outputPaths = (
			);
			runOnlyForDeploymentPostprocessing = 0;
			shellPath = /bin/sh;
			shellScript = "\"${SRCROOT}/Pods/Target Support Files/Pods-ca/Pods-ca-frameworks.sh\"\n";
			showEnvVarsInLog = 0;
		};
		53DE4DF139B2C052A7D339E8 /* 📦 Check Pods Manifest.lock */ = {
			isa = PBXShellScriptBuildPhase;
			buildActionMask = 2147483647;
			files = (
			);
			inputPaths = (
			);
			name = "📦 Check Pods Manifest.lock";
			outputPaths = (
			);
			runOnlyForDeploymentPostprocessing = 0;
			shellPath = /bin/sh;
			shellScript = "diff \"${PODS_ROOT}/../Podfile.lock\" \"${PODS_ROOT}/Manifest.lock\" > /dev/null\nif [[ $? != 0 ]] ; then\n    cat << EOM\nerror: The sandbox is not in sync with the Podfile.lock. Run 'pod install' or update your CocoaPods installation.\nEOM\n    exit 1\nfi\n";
			showEnvVarsInLog = 0;
		};
		73B0412908A6A2CACED6CF49 /* 📦 Check Pods Manifest.lock */ = {
			isa = PBXShellScriptBuildPhase;
			buildActionMask = 2147483647;
			files = (
			);
			inputPaths = (
			);
			name = "📦 Check Pods Manifest.lock";
			outputPaths = (
			);
			runOnlyForDeploymentPostprocessing = 0;
			shellPath = /bin/sh;
			shellScript = "diff \"${PODS_ROOT}/../Podfile.lock\" \"${PODS_ROOT}/Manifest.lock\" > /dev/null\nif [[ $? != 0 ]] ; then\n    cat << EOM\nerror: The sandbox is not in sync with the Podfile.lock. Run 'pod install' or update your CocoaPods installation.\nEOM\n    exit 1\nfi\n";
			showEnvVarsInLog = 0;
		};
		B471902970CA7FFA9EB73071 /* 📦 Check Pods Manifest.lock */ = {
			isa = PBXShellScriptBuildPhase;
			buildActionMask = 2147483647;
			files = (
			);
			inputPaths = (
			);
			name = "📦 Check Pods Manifest.lock";
			outputPaths = (
			);
			runOnlyForDeploymentPostprocessing = 0;
			shellPath = /bin/sh;
			shellScript = "diff \"${PODS_ROOT}/../Podfile.lock\" \"${PODS_ROOT}/Manifest.lock\" > /dev/null\nif [[ $? != 0 ]] ; then\n    cat << EOM\nerror: The sandbox is not in sync with the Podfile.lock. Run 'pod install' or update your CocoaPods installation.\nEOM\n    exit 1\nfi\n";
			showEnvVarsInLog = 0;
		};
		BCCCF3C3CF642DBFE643E5B0 /* 📦 Embed Pods Frameworks */ = {
			isa = PBXShellScriptBuildPhase;
			buildActionMask = 2147483647;
			files = (
			);
			inputPaths = (
			);
			name = "📦 Embed Pods Frameworks";
			outputPaths = (
			);
			runOnlyForDeploymentPostprocessing = 0;
			shellPath = /bin/sh;
			shellScript = "\"${SRCROOT}/Pods/Target Support Files/Pods-caTests/Pods-caTests-frameworks.sh\"\n";
			showEnvVarsInLog = 0;
		};
		F631A19AE850A8F62D400B87 /* 📦 Copy Pods Resources */ = {
			isa = PBXShellScriptBuildPhase;
			buildActionMask = 2147483647;
			files = (
			);
			inputPaths = (
			);
			name = "📦 Copy Pods Resources";
			outputPaths = (
			);
			runOnlyForDeploymentPostprocessing = 0;
			shellPath = /bin/sh;
			shellScript = "\"${SRCROOT}/Pods/Target Support Files/Pods-caUITests/Pods-caUITests-resources.sh\"\n";
			showEnvVarsInLog = 0;
		};
/* End PBXShellScriptBuildPhase section */

/* Begin PBXSourcesBuildPhase section */
		EDD08A411D352887001E1459 /* Sources */ = {
			isa = PBXSourcesBuildPhase;
			buildActionMask = 2147483647;
			files = (
				EDCFCE6B1D3C6D7A00E2B030 /* PostImageGridItem.swift in Sources */,
				EDCFCE831D45FA7200E2B030 /* LoverCell.swift in Sources */,
				EDD08A4B1D352887001E1459 /* HomeViewController.swift in Sources */,
				ED8CD39B1D4B49A60070CAF8 /* Functions.swift in Sources */,
				EDCFCE851D45FA7F00E2B030 /* MeCell.swift in Sources */,
				EDD08AA01D37CF0A001E1459 /* TimelineCell.swift in Sources */,
				EDD08A901D355157001E1459 /* TimelineViewController.swift in Sources */,
				ED89EB7E1D54A983000019BB /* BottomContainerView.swift in Sources */,
				ED89EB8A1D54A983000019BB /* ImageGalleryViewDataSource.swift in Sources */,
				EDCFCE531D39D3B500E2B030 /* PlacesViewController.swift in Sources */,
				EDCFCE871D45FA9A00E2B030 /* CommentTopCell.swift in Sources */,
				ED18B0201D5B752200892359 /* BgColorPanelCell.swift in Sources */,
				EDCFCE751D435CBC00E2B030 /* PlaceViewController.swift in Sources */,
				ED89EB811D54A983000019BB /* StackView.swift in Sources */,
				ED8CD39F1D4E1AB90070CAF8 /* BucketListViewController.swift in Sources */,
				EDCFCE7C1D442FF100E2B030 /* Global.swift in Sources */,
				EDD08A491D352887001E1459 /* AppDelegate.swift in Sources */,
				ED89EB881D54A983000019BB /* ImageGalleryView.swift in Sources */,
				ED89EB821D54A983000019BB /* CameraMan.swift in Sources */,
				ED8CD3931D4A68DC0070CAF8 /* YearCell.swift in Sources */,
				EDCFCE6D1D3C73CA00E2B030 /* NewTimelineViewController.swift in Sources */,
				EDCFCE4F1D38BF5B00E2B030 /* SideMenuView.swift in Sources */,
				EDCFCE601D3A5B8A00E2B030 /* CircularButton.swift in Sources */,
				EDCFCECF1D48842200E2B030 /* PullToLoadView.swift in Sources */,
				ED8CD3991D4B255E0070CAF8 /* EventDetailView.swift in Sources */,
				EDD08AA91D385EB4001E1459 /* Constants.swift in Sources */,
				ED89EB831D54A983000019BB /* CameraView.swift in Sources */,
				EDCFCE731D435BF200E2B030 /* PhotoCell.swift in Sources */,
				ED18B0261D5DE60900892359 /* BucketListItem.swift in Sources */,
				ED8CD38B1D4A53250070CAF8 /* EventsViewController.swift in Sources */,
				ED89EB851D54A983000019BB /* ConstraintsSetup.swift in Sources */,
				ED89EB8B1D54A983000019BB /* ImagePickerController.swift in Sources */,
				EDCFCE8D1D46031F00E2B030 /* TimelineDetailViewController.swift in Sources */,
				ED89EB841D54A983000019BB /* Configuration.swift in Sources */,
				EDCFCECD1D48836F00E2B030 /* PullUpToLoadView.swift in Sources */,
				ED89EB801D54A983000019BB /* ImageStack.swift in Sources */,
				ED18B01B1D59FBA900892359 /* TimelineComment.swift in Sources */,
				ED18B0171D589E0300892359 /* Timeline.swift in Sources */,
				EDD08AA31D37D058001E1459 /* CircularView.swift in Sources */,
				ED18B02A1D5DFB9D00892359 /* Photo.swift in Sources */,
				ED8CD38F1D4A5E5C0070CAF8 /* EventCell.swift in Sources */,
				ED89EB861D54A983000019BB /* Helper.swift in Sources */,
				ED18B01E1D5B751100892359 /* IconPanelCell.swift in Sources */,
				ED18B0241D5DD7F800892359 /* NewBucketListItem.swift in Sources */,
				ED18B0281D5DFABC00892359 /* Place.swift in Sources */,
				ED705FAD1D49E720003128F6 /* Extensions.swift in Sources */,
				EDCFCE8B1D45FAB600E2B030 /* CommentBottomCell.swift in Sources */,
				EDD08A9E1D36A65E001E1459 /* ElasticView.swift in Sources */,
				EDCFCE811D45FA6200E2B030 /* ContentCell.swift in Sources */,
				EDCFCE581D39E29000E2B030 /* CircularItemListMenu.swift in Sources */,
				EDD08AA61D385A1A001E1459 /* RoundedCornerImage.swift in Sources */,
				ED89EB7D1D54A983000019BB /* AssetManager.swift in Sources */,
				EDCFCE781D4371CE00E2B030 /* PopAnimation.swift in Sources */,
				EDD08A511D352887001E1459 /* ca.xcdatamodeld in Sources */,
				ED89EB8D1D54A983000019BB /* TopView.swift in Sources */,
				EDCFCECB1D485B4800E2B030 /* PullDownToLoadView.swift in Sources */,
				ED18B0151D57308C00892359 /* TimelineRequest.swift in Sources */,
				ED89EB871D54A983000019BB /* ImageGalleryLayout.swift in Sources */,
				ED89EB7F1D54A983000019BB /* ButtonPicker.swift in Sources */,
				ED8CD3811D49FE980070CAF8 /* TimelineDetailTableViewController.swift in Sources */,
				ED8CD3A11D4E22200070CAF8 /* BucketListCell.swift in Sources */,
				ED8CD3911D4A680E0070CAF8 /* MonthCell.swift in Sources */,
				EDCFCE7A1D43A99400E2B030 /* PopUpImageViewController.swift in Sources */,
				ED89EB891D54A983000019BB /* ImageGalleryViewCell.swift in Sources */,
				ED89EB8C1D54A983000019BB /* LocationManager.swift in Sources */,
				EDCFCE691D3C6D2000E2B030 /* PostImageGrid.swift in Sources */,
				EDCFCE7F1D45FA4E00E2B030 /* TopCell.swift in Sources */,
				EDCFCE551D39E0AF00E2B030 /* PlaceCell.swift in Sources */,
				EDCFCE891D45FAA700E2B030 /* CommentCell.swift in Sources */,
			);
			runOnlyForDeploymentPostprocessing = 0;
		};
		EDD08A581D352888001E1459 /* Sources */ = {
			isa = PBXSourcesBuildPhase;
			buildActionMask = 2147483647;
			files = (
				EDD08A611D352888001E1459 /* caTests.swift in Sources */,
			);
			runOnlyForDeploymentPostprocessing = 0;
		};
		EDD08A631D352888001E1459 /* Sources */ = {
			isa = PBXSourcesBuildPhase;
			buildActionMask = 2147483647;
			files = (
				EDD08A6C1D352888001E1459 /* caUITests.swift in Sources */,
			);
			runOnlyForDeploymentPostprocessing = 0;
		};
/* End PBXSourcesBuildPhase section */

/* Begin PBXTargetDependency section */
		EDD08A5E1D352888001E1459 /* PBXTargetDependency */ = {
			isa = PBXTargetDependency;
			target = EDD08A441D352887001E1459 /* ca */;
			targetProxy = EDD08A5D1D352888001E1459 /* PBXContainerItemProxy */;
		};
		EDD08A691D352888001E1459 /* PBXTargetDependency */ = {
			isa = PBXTargetDependency;
			target = EDD08A441D352887001E1459 /* ca */;
			targetProxy = EDD08A681D352888001E1459 /* PBXContainerItemProxy */;
		};
/* End PBXTargetDependency section */

/* Begin PBXVariantGroup section */
		ED8CD3A81D4E29470070CAF8 /* InfoPlist.strings */ = {
			isa = PBXVariantGroup;
			children = (
				ED8CD3A71D4E29470070CAF8 /* zh-Hans */,
			);
			name = InfoPlist.strings;
			sourceTree = "<group>";
		};
		ED8CD3AD1D4E29470070CAF8 /* Localizable.strings */ = {
			isa = PBXVariantGroup;
			children = (
				ED8CD3AC1D4E29470070CAF8 /* zh-Hans */,
			);
			name = Localizable.strings;
			sourceTree = "<group>";
		};
		ED8CD3B21D4E29480070CAF8 /* InfoPlist.strings */ = {
			isa = PBXVariantGroup;
			children = (
				ED8CD3B11D4E29480070CAF8 /* zh-Hans */,
			);
			name = InfoPlist.strings;
			sourceTree = "<group>";
		};
		ED8CD3B71D4E29480070CAF8 /* InfoPlist.strings */ = {
			isa = PBXVariantGroup;
			children = (
				ED8CD3B61D4E29480070CAF8 /* zh-Hans */,
			);
			name = InfoPlist.strings;
			sourceTree = "<group>";
		};
		EDD08A4C1D352887001E1459 /* Home.storyboard */ = {
			isa = PBXVariantGroup;
			children = (
				EDD08A4D1D352887001E1459 /* Base */,
				ED8CD3A21D4E28FB0070CAF8 /* zh-Hans */,
			);
			name = Home.storyboard;
			sourceTree = "<group>";
		};
		EDD08A541D352887001E1459 /* LaunchScreen.storyboard */ = {
			isa = PBXVariantGroup;
			children = (
				EDD08A551D352887001E1459 /* Base */,
				ED8CD3A31D4E28FB0070CAF8 /* zh-Hans */,
			);
			name = LaunchScreen.storyboard;
			sourceTree = "<group>";
		};
/* End PBXVariantGroup section */

/* Begin XCBuildConfiguration section */
		EDD08A6E1D352888001E1459 /* Debug */ = {
			isa = XCBuildConfiguration;
			buildSettings = {
				ALWAYS_SEARCH_USER_PATHS = NO;
				CLANG_ANALYZER_NONNULL = YES;
				CLANG_CXX_LANGUAGE_STANDARD = "gnu++0x";
				CLANG_CXX_LIBRARY = "libc++";
				CLANG_ENABLE_MODULES = YES;
				CLANG_ENABLE_OBJC_ARC = YES;
				CLANG_WARN_BOOL_CONVERSION = YES;
				CLANG_WARN_CONSTANT_CONVERSION = YES;
				CLANG_WARN_DIRECT_OBJC_ISA_USAGE = YES_ERROR;
				CLANG_WARN_EMPTY_BODY = YES;
				CLANG_WARN_ENUM_CONVERSION = YES;
				CLANG_WARN_INT_CONVERSION = YES;
				CLANG_WARN_OBJC_ROOT_CLASS = YES_ERROR;
				CLANG_WARN_UNREACHABLE_CODE = YES;
				CLANG_WARN__DUPLICATE_METHOD_MATCH = YES;
				"CODE_SIGN_IDENTITY[sdk=iphoneos*]" = "iPhone Developer";
				COPY_PHASE_STRIP = NO;
				DEBUG_INFORMATION_FORMAT = dwarf;
				DEFINES_MODULE = YES;
				ENABLE_STRICT_OBJC_MSGSEND = YES;
				ENABLE_TESTABILITY = YES;
				GCC_C_LANGUAGE_STANDARD = gnu99;
				GCC_DYNAMIC_NO_PIC = NO;
				GCC_NO_COMMON_BLOCKS = YES;
				GCC_OPTIMIZATION_LEVEL = 0;
				GCC_PREPROCESSOR_DEFINITIONS = (
					"DEBUG=1",
					"$(inherited)",
				);
				GCC_WARN_64_TO_32_BIT_CONVERSION = YES;
				GCC_WARN_ABOUT_RETURN_TYPE = YES_ERROR;
				GCC_WARN_UNDECLARED_SELECTOR = YES;
				GCC_WARN_UNINITIALIZED_AUTOS = YES_AGGRESSIVE;
				GCC_WARN_UNUSED_FUNCTION = YES;
				GCC_WARN_UNUSED_VARIABLE = YES;
				IPHONEOS_DEPLOYMENT_TARGET = 9.3;
				MTL_ENABLE_DEBUG_INFO = YES;
				ONLY_ACTIVE_ARCH = YES;
				OTHER_LDFLAGS = "-ObjC";
				SDKROOT = iphoneos;
				SWIFT_OBJC_BRIDGING_HEADER = "/Users/ant/github/timeline/iOS/ca/ca/CA-Bridging-Header.h";
				SWIFT_OPTIMIZATION_LEVEL = "-Onone";
				TARGETED_DEVICE_FAMILY = "1,2";
			};
			name = Debug;
		};
		EDD08A6F1D352888001E1459 /* Release */ = {
			isa = XCBuildConfiguration;
			buildSettings = {
				ALWAYS_SEARCH_USER_PATHS = NO;
				CLANG_ANALYZER_NONNULL = YES;
				CLANG_CXX_LANGUAGE_STANDARD = "gnu++0x";
				CLANG_CXX_LIBRARY = "libc++";
				CLANG_ENABLE_MODULES = YES;
				CLANG_ENABLE_OBJC_ARC = YES;
				CLANG_WARN_BOOL_CONVERSION = YES;
				CLANG_WARN_CONSTANT_CONVERSION = YES;
				CLANG_WARN_DIRECT_OBJC_ISA_USAGE = YES_ERROR;
				CLANG_WARN_EMPTY_BODY = YES;
				CLANG_WARN_ENUM_CONVERSION = YES;
				CLANG_WARN_INT_CONVERSION = YES;
				CLANG_WARN_OBJC_ROOT_CLASS = YES_ERROR;
				CLANG_WARN_UNREACHABLE_CODE = YES;
				CLANG_WARN__DUPLICATE_METHOD_MATCH = YES;
				"CODE_SIGN_IDENTITY[sdk=iphoneos*]" = "iPhone Developer";
				COPY_PHASE_STRIP = NO;
				DEBUG_INFORMATION_FORMAT = "dwarf-with-dsym";
				DEFINES_MODULE = YES;
				ENABLE_NS_ASSERTIONS = NO;
				ENABLE_STRICT_OBJC_MSGSEND = YES;
				GCC_C_LANGUAGE_STANDARD = gnu99;
				GCC_NO_COMMON_BLOCKS = YES;
				GCC_WARN_64_TO_32_BIT_CONVERSION = YES;
				GCC_WARN_ABOUT_RETURN_TYPE = YES_ERROR;
				GCC_WARN_UNDECLARED_SELECTOR = YES;
				GCC_WARN_UNINITIALIZED_AUTOS = YES_AGGRESSIVE;
				GCC_WARN_UNUSED_FUNCTION = YES;
				GCC_WARN_UNUSED_VARIABLE = YES;
				IPHONEOS_DEPLOYMENT_TARGET = 9.3;
				MTL_ENABLE_DEBUG_INFO = NO;
				OTHER_LDFLAGS = "-ObjC";
				SDKROOT = iphoneos;
				SWIFT_OBJC_BRIDGING_HEADER = "/Users/ant/github/timeline/iOS/ca/ca/CA-Bridging-Header.h";
				TARGETED_DEVICE_FAMILY = "1,2";
				VALIDATE_PRODUCT = YES;
			};
			name = Release;
		};
		EDD08A711D352888001E1459 /* Debug */ = {
			isa = XCBuildConfiguration;
			baseConfigurationReference = 9E10788F977E50A3447773C9 /* Pods-ca.debug.xcconfig */;
			buildSettings = {
				ASSETCATALOG_COMPILER_APPICON_NAME = AppIcon;
				CODE_SIGN_IDENTITY = "iPhone Developer";
				"CODE_SIGN_IDENTITY[sdk=iphoneos*]" = "iPhone Developer";
				INFOPLIST_FILE = ca/Info.plist;
				LD_RUNPATH_SEARCH_PATHS = "$(inherited) @executable_path/Frameworks";
				LIBRARY_SEARCH_PATHS = (
					"$(inherited)",
					"$(PROJECT_DIR)/ca/libWeiboSDK",
				);
				PRODUCT_BUNDLE_IDENTIFIER = me.chengkang.ca;
				PRODUCT_NAME = CA;
				PROVISIONING_PROFILE = "";
				SWIFT_OBJC_BRIDGING_HEADER = "/Users/ant/github/timeline/iOS/ca/ca/CA-Bridging-Header.h";
			};
			name = Debug;
		};
		EDD08A721D352888001E1459 /* Release */ = {
			isa = XCBuildConfiguration;
			baseConfigurationReference = 83851E75DFF9E80756BDC13F /* Pods-ca.release.xcconfig */;
			buildSettings = {
				ASSETCATALOG_COMPILER_APPICON_NAME = AppIcon;
				CODE_SIGN_IDENTITY = "iPhone Developer";
				"CODE_SIGN_IDENTITY[sdk=iphoneos*]" = "iPhone Developer";
				INFOPLIST_FILE = ca/Info.plist;
				LD_RUNPATH_SEARCH_PATHS = "$(inherited) @executable_path/Frameworks";
				LIBRARY_SEARCH_PATHS = (
					"$(inherited)",
					"$(PROJECT_DIR)/ca/libWeiboSDK",
				);
				PRODUCT_BUNDLE_IDENTIFIER = me.chengkang.ca;
				PRODUCT_NAME = CA;
				PROVISIONING_PROFILE = "";
				SWIFT_OBJC_BRIDGING_HEADER = "/Users/ant/github/timeline/iOS/ca/ca/CA-Bridging-Header.h";
			};
			name = Release;
		};
		EDD08A741D352888001E1459 /* Debug */ = {
			isa = XCBuildConfiguration;
			baseConfigurationReference = 93B3679EE0481CD20AC2DB41 /* Pods-caTests.debug.xcconfig */;
			buildSettings = {
				BUNDLE_LOADER = "$(TEST_HOST)";
				INFOPLIST_FILE = caTests/Info.plist;
				LD_RUNPATH_SEARCH_PATHS = "$(inherited) @executable_path/Frameworks @loader_path/Frameworks";
				PRODUCT_BUNDLE_IDENTIFIER = me.chengkang.caTests;
				PRODUCT_NAME = CA;
				TEST_HOST = "$(BUILT_PRODUCTS_DIR)/CA.app/CA";
			};
			name = Debug;
		};
		EDD08A751D352888001E1459 /* Release */ = {
			isa = XCBuildConfiguration;
			baseConfigurationReference = DDBBEA47DDF60067CC10047F /* Pods-caTests.release.xcconfig */;
			buildSettings = {
				BUNDLE_LOADER = "$(TEST_HOST)";
				INFOPLIST_FILE = caTests/Info.plist;
				LD_RUNPATH_SEARCH_PATHS = "$(inherited) @executable_path/Frameworks @loader_path/Frameworks";
				PRODUCT_BUNDLE_IDENTIFIER = me.chengkang.caTests;
				PRODUCT_NAME = CA;
				TEST_HOST = "$(BUILT_PRODUCTS_DIR)/CA.app/CA";
			};
			name = Release;
		};
		EDD08A771D352888001E1459 /* Debug */ = {
			isa = XCBuildConfiguration;
			baseConfigurationReference = 683A3EB9DC60B6694129F272 /* Pods-caUITests.debug.xcconfig */;
			buildSettings = {
				INFOPLIST_FILE = caUITests/Info.plist;
				LD_RUNPATH_SEARCH_PATHS = "$(inherited) @executable_path/Frameworks @loader_path/Frameworks";
				PRODUCT_BUNDLE_IDENTIFIER = me.chengkang.caUITests;
				PRODUCT_NAME = CA;
				TEST_TARGET_NAME = ca;
			};
			name = Debug;
		};
		EDD08A781D352888001E1459 /* Release */ = {
			isa = XCBuildConfiguration;
			baseConfigurationReference = E40BDD9D776D74E7AF11983F /* Pods-caUITests.release.xcconfig */;
			buildSettings = {
				INFOPLIST_FILE = caUITests/Info.plist;
				LD_RUNPATH_SEARCH_PATHS = "$(inherited) @executable_path/Frameworks @loader_path/Frameworks";
				PRODUCT_BUNDLE_IDENTIFIER = me.chengkang.caUITests;
				PRODUCT_NAME = CA;
				TEST_TARGET_NAME = ca;
			};
			name = Release;
		};
/* End XCBuildConfiguration section */

/* Begin XCConfigurationList section */
		EDD08A401D352887001E1459 /* Build configuration list for PBXProject "CA" */ = {
			isa = XCConfigurationList;
			buildConfigurations = (
				EDD08A6E1D352888001E1459 /* Debug */,
				EDD08A6F1D352888001E1459 /* Release */,
			);
			defaultConfigurationIsVisible = 0;
			defaultConfigurationName = Release;
		};
		EDD08A701D352888001E1459 /* Build configuration list for PBXNativeTarget "ca" */ = {
			isa = XCConfigurationList;
			buildConfigurations = (
				EDD08A711D352888001E1459 /* Debug */,
				EDD08A721D352888001E1459 /* Release */,
			);
			defaultConfigurationIsVisible = 0;
			defaultConfigurationName = Release;
		};
		EDD08A731D352888001E1459 /* Build configuration list for PBXNativeTarget "caTests" */ = {
			isa = XCConfigurationList;
			buildConfigurations = (
				EDD08A741D352888001E1459 /* Debug */,
				EDD08A751D352888001E1459 /* Release */,
			);
			defaultConfigurationIsVisible = 0;
			defaultConfigurationName = Release;
		};
		EDD08A761D352888001E1459 /* Build configuration list for PBXNativeTarget "caUITests" */ = {
			isa = XCConfigurationList;
			buildConfigurations = (
				EDD08A771D352888001E1459 /* Debug */,
				EDD08A781D352888001E1459 /* Release */,
			);
			defaultConfigurationIsVisible = 0;
			defaultConfigurationName = Release;
		};
/* End XCConfigurationList section */

/* Begin XCVersionGroup section */
		EDD08A4F1D352887001E1459 /* ca.xcdatamodeld */ = {
			isa = XCVersionGroup;
			children = (
				EDD08A501D352887001E1459 /* ca.xcdatamodel */,
			);
			currentVersion = EDD08A501D352887001E1459 /* ca.xcdatamodel */;
			path = ca.xcdatamodeld;
			sourceTree = "<group>";
			versionGroupType = wrapper.xcdatamodel;
		};
/* End XCVersionGroup section */
	};
	rootObject = EDD08A3D1D352887001E1459 /* Project object */;
}
